{
  "version": 4,
  "terraform_version": "1.9.5",
  "serial": 225,
  "lineage": "d8d1a292-b7b1-2011-61c3-b8bd99a209b1",
  "outputs": {
    "cloudfront_dns_name": {
      "value": "d1m4mzyp6qitzd.cloudfront.net",
      "type": "string"
    },
    "database_secret_arn": {
      "value": "arn:aws:secretsmanager:eu-west-3:757244967855:secret:rds!cluster-b4affa89-c70f-455e-a61b-caea9fe82d1f-vWCq3j",
      "type": "string"
    }
  },
  "resources": [
    {
      "mode": "data",
      "type": "aws_caller_identity",
      "name": "current",
      "provider": "provider[\"registry.terraform.io/hashicorp/aws\"]",
      "instances": [
        {
          "schema_version": 0,
          "attributes": {
            "account_id": "757244967855",
            "arn": "arn:aws:iam::757244967855:user/cloud-1",
            "id": "757244967855",
            "user_id": "AIDA3AT2RHOXYEWVNOGPK"
          },
          "sensitive_attributes": []
        }
      ]
    },
    {
      "mode": "managed",
      "type": "aws_autoscaling_notification",
      "name": "this",
      "provider": "provider[\"registry.terraform.io/hashicorp/aws\"].default",
      "instances": [
        {
          "schema_version": 0,
          "attributes": {
            "group_names": [
              "asg-cloud-1-20241213151348166000000011"
            ],
            "id": "arn:aws:sns:eu-west-3:757244967855:sns-cloud-1",
            "notifications": [
              "autoscaling:EC2_INSTANCE_LAUNCH",
              "autoscaling:EC2_INSTANCE_LAUNCH_ERROR",
              "autoscaling:EC2_INSTANCE_TERMINATE"
            ],
            "topic_arn": "arn:aws:sns:eu-west-3:757244967855:sns-cloud-1"
          },
          "sensitive_attributes": [],
          "private": "bnVsbA==",
          "dependencies": [
            "aws_sns_topic.this",
            "data.aws_caller_identity.current",
            "data.aws_route53_zone.current",
            "module.acm.aws_acm_certificate.this",
            "module.acm.aws_acm_certificate_validation.this",
            "module.acm.aws_route53_record.validation",
            "module.alb.aws_lb.this",
            "module.alb.aws_security_group.this",
            "module.aurora.aws_appautoscaling_policy.this",
            "module.aurora.aws_appautoscaling_target.this",
            "module.aurora.aws_cloudwatch_log_group.this",
            "module.aurora.aws_db_parameter_group.this",
            "module.aurora.aws_db_subnet_group.this",
            "module.aurora.aws_iam_role.rds_enhanced_monitoring",
            "module.aurora.aws_iam_role_policy_attachment.rds_enhanced_monitoring",
            "module.aurora.aws_rds_cluster.this",
            "module.aurora.aws_rds_cluster_activity_stream.this",
            "module.aurora.aws_rds_cluster_endpoint.this",
            "module.aurora.aws_rds_cluster_instance.this",
            "module.aurora.aws_rds_cluster_parameter_group.this",
            "module.aurora.aws_rds_cluster_role_association.this",
            "module.aurora.aws_secretsmanager_secret_rotation.this",
            "module.aurora.aws_security_group.this",
            "module.aurora.aws_security_group_rule.this",
            "module.aurora.data.aws_iam_policy_document.monitoring_rds_assume_role",
            "module.aurora.data.aws_partition.current",
            "module.autoscaling.aws_autoscaling_group.idc",
            "module.autoscaling.aws_autoscaling_group.this",
            "module.autoscaling.aws_iam_instance_profile.this",
            "module.autoscaling.aws_iam_role.this",
            "module.autoscaling.aws_launch_template.this",
            "module.autoscaling.data.aws_iam_policy_document.assume_role_policy",
            "module.autoscaling.data.aws_partition.current",
            "module.autoscaling_sg.aws_security_group.this",
            "module.autoscaling_sg.aws_security_group.this_name_prefix",
            "module.cloudfront.aws_cloudfront_distribution.this",
            "module.cloudfront.aws_cloudfront_origin_access_control.this",
            "module.cloudfront.aws_cloudfront_origin_access_identity.this",
            "module.efs.aws_efs_access_point.this",
            "module.efs.aws_efs_backup_policy.this",
            "module.efs.aws_efs_file_system.this",
            "module.efs.aws_efs_file_system_policy.this",
            "module.efs.aws_efs_mount_target.this",
            "module.efs.aws_efs_replication_configuration.this",
            "module.efs.aws_security_group.this",
            "module.efs.aws_security_group_rule.this",
            "module.efs.data.aws_iam_policy_document.policy",
            "module.elasticache.aws_cloudwatch_log_group.this",
            "module.elasticache.aws_elasticache_cluster.this",
            "module.elasticache.aws_elasticache_global_replication_group.this",
            "module.elasticache.aws_elasticache_parameter_group.this",
            "module.elasticache.aws_elasticache_replication_group.global",
            "module.elasticache.aws_elasticache_replication_group.this",
            "module.elasticache.aws_elasticache_subnet_group.this",
            "module.elasticache.aws_security_group.this",
            "module.elasticache.aws_vpc_security_group_egress_rule.this",
            "module.elasticache.aws_vpc_security_group_ingress_rule.this",
            "module.elasticache.random_id.this",
            "module.kms.aws_kms_external_key.this",
            "module.kms.aws_kms_key.this",
            "module.kms.aws_kms_replica_external_key.this",
            "module.kms.aws_kms_replica_key.this",
            "module.kms.data.aws_caller_identity.current",
            "module.kms.data.aws_iam_policy_document.this",
            "module.kms.data.aws_partition.current",
            "module.vpc.aws_db_subnet_group.database",
            "module.vpc.aws_subnet.database",
            "module.vpc.aws_subnet.private",
            "module.vpc.aws_subnet.public",
            "module.vpc.aws_vpc.this",
            "module.vpc.aws_vpc_ipv4_cidr_block_association.this"
          ]
        }
      ]
    },
    {
      "mode": "managed",
      "type": "aws_iam_policy",
      "name": "asg-policy",
      "provider": "provider[\"registry.terraform.io/hashicorp/aws\"].default",
      "instances": [
        {
          "schema_version": 0,
          "attributes": {
            "arn": "arn:aws:iam::757244967855:policy/AllowAuroraSecretAccess",
            "attachment_count": 0,
            "description": "IAM Policy that allow the access to Aurora Secret",
            "id": "arn:aws:iam::757244967855:policy/AllowAuroraSecretAccess",
            "name": "AllowAuroraSecretAccess",
            "name_prefix": "",
            "path": "/",
            "policy": "{\"Statement\":[{\"Action\":[\"secretsmanager:GetSecretValue\"],\"Effect\":\"Allow\",\"Resource\":[\"arn:aws:secretsmanager:eu-west-3:757244967855:secret:rds!cluster-b4affa89-c70f-455e-a61b-caea9fe82d1f-vWCq3j\"]}],\"Version\":\"2012-10-17\"}",
            "policy_id": "ANPA3AT2RHOXUEQIXHHYK",
            "tags": null,
            "tags_all": {}
          },
          "sensitive_attributes": [],
          "private": "bnVsbA==",
          "dependencies": [
            "module.aurora.aws_cloudwatch_log_group.this",
            "module.aurora.aws_db_subnet_group.this",
            "module.aurora.aws_rds_cluster.this",
            "module.aurora.aws_rds_cluster_parameter_group.this",
            "module.aurora.aws_security_group.this",
            "module.vpc.aws_db_subnet_group.database",
            "module.vpc.aws_subnet.database",
            "module.vpc.aws_vpc.this",
            "module.vpc.aws_vpc_ipv4_cidr_block_association.this"
          ]
        }
      ]
    },
    {
      "mode": "managed",
      "type": "aws_sns_topic",
      "name": "this",
      "provider": "provider[\"registry.terraform.io/hashicorp/aws\"].default",
      "instances": [
        {
          "schema_version": 0,
          "attributes": {
            "application_failure_feedback_role_arn": "",
            "application_success_feedback_role_arn": "",
            "application_success_feedback_sample_rate": 0,
            "archive_policy": "",
            "arn": "arn:aws:sns:eu-west-3:757244967855:sns-cloud-1",
            "beginning_archive_time": "",
            "content_based_deduplication": false,
            "delivery_policy": "",
            "display_name": "ASG Notification for cloud-1",
            "fifo_topic": false,
            "firehose_failure_feedback_role_arn": "",
            "firehose_success_feedback_role_arn": "",
            "firehose_success_feedback_sample_rate": 0,
            "http_failure_feedback_role_arn": "",
            "http_success_feedback_role_arn": "",
            "http_success_feedback_sample_rate": 0,
            "id": "arn:aws:sns:eu-west-3:757244967855:sns-cloud-1",
            "kms_master_key_id": "",
            "lambda_failure_feedback_role_arn": "",
            "lambda_success_feedback_role_arn": "",
            "lambda_success_feedback_sample_rate": 0,
            "name": "sns-cloud-1",
            "name_prefix": "",
            "owner": "757244967855",
            "policy": "{\"Id\":\"__default_policy_ID\",\"Statement\":[{\"Action\":[\"SNS:GetTopicAttributes\",\"SNS:SetTopicAttributes\",\"SNS:AddPermission\",\"SNS:RemovePermission\",\"SNS:DeleteTopic\",\"SNS:Subscribe\",\"SNS:ListSubscriptionsByTopic\",\"SNS:Publish\"],\"Condition\":{\"StringEquals\":{\"AWS:SourceOwner\":\"757244967855\"}},\"Effect\":\"Allow\",\"Principal\":{\"AWS\":\"*\"},\"Resource\":\"arn:aws:sns:eu-west-3:757244967855:sns-cloud-1\",\"Sid\":\"__default_statement_ID\"}],\"Version\":\"2008-10-17\"}",
            "signature_version": 0,
            "sqs_failure_feedback_role_arn": "",
            "sqs_success_feedback_role_arn": "",
            "sqs_success_feedback_sample_rate": 0,
            "tags": {
              "DeployedBy": "Terraform",
              "Origin": "cloud-1"
            },
            "tags_all": {
              "DeployedBy": "Terraform",
              "Origin": "cloud-1"
            },
            "tracing_config": ""
          },
          "sensitive_attributes": [],
          "private": "bnVsbA=="
        }
      ]
    },
    {
      "mode": "managed",
      "type": "aws_sns_topic_subscription",
      "name": "email-target",
      "provider": "provider[\"registry.terraform.io/hashicorp/aws\"].default",
      "instances": [
        {
          "schema_version": 0,
          "attributes": {
            "arn": "arn:aws:sns:eu-west-3:757244967855:sns-cloud-1:5093f64f-4899-47fd-8568-2325cc431188",
            "confirmation_timeout_in_minutes": 1,
            "confirmation_was_authenticated": false,
            "delivery_policy": "",
            "endpoint": "mathias.mrsn@gmail.com",
            "endpoint_auto_confirms": false,
            "filter_policy": "",
            "filter_policy_scope": "",
            "id": "arn:aws:sns:eu-west-3:757244967855:sns-cloud-1:5093f64f-4899-47fd-8568-2325cc431188",
            "owner_id": "757244967855",
            "pending_confirmation": true,
            "protocol": "email",
            "raw_message_delivery": false,
            "redrive_policy": "",
            "replay_policy": "",
            "subscription_role_arn": "",
            "topic_arn": "arn:aws:sns:eu-west-3:757244967855:sns-cloud-1"
          },
          "sensitive_attributes": [],
          "private": "bnVsbA==",
          "dependencies": [
            "aws_sns_topic.this"
          ]
        }
      ]
    },
    {
      "module": "module.alb",
      "mode": "data",
      "type": "aws_partition",
      "name": "current",
      "provider": "provider[\"registry.terraform.io/hashicorp/aws\"].default",
      "instances": [
        {
          "schema_version": 0,
          "attributes": {
            "dns_suffix": "amazonaws.com",
            "id": "aws",
            "partition": "aws",
            "reverse_dns_prefix": "com.amazonaws"
          },
          "sensitive_attributes": []
        }
      ]
    },
    {
      "module": "module.alb",
      "mode": "managed",
      "type": "aws_lb",
      "name": "this",
      "provider": "provider[\"registry.terraform.io/hashicorp/aws\"].default",
      "instances": [
        {
          "index_key": 0,
          "schema_version": 0,
          "attributes": {
            "access_logs": [
              {
                "bucket": "",
                "enabled": false,
                "prefix": ""
              }
            ],
            "arn": "arn:aws:elasticloadbalancing:eu-west-3:757244967855:loadbalancer/app/alb-cloud-1/91700d1502287f4e",
            "arn_suffix": "app/alb-cloud-1/91700d1502287f4e",
            "client_keep_alive": 3600,
            "connection_logs": [
              {
                "bucket": "",
                "enabled": false,
                "prefix": ""
              }
            ],
            "customer_owned_ipv4_pool": "",
            "desync_mitigation_mode": "defensive",
            "dns_name": "alb-cloud-1-252126303.eu-west-3.elb.amazonaws.com",
            "dns_record_client_routing_policy": null,
            "drop_invalid_header_fields": true,
            "enable_cross_zone_load_balancing": true,
            "enable_deletion_protection": false,
            "enable_http2": true,
            "enable_tls_version_and_cipher_suite_headers": false,
            "enable_waf_fail_open": false,
            "enable_xff_client_port": false,
            "enable_zonal_shift": false,
            "enforce_security_group_inbound_rules_on_private_link_traffic": "",
            "id": "arn:aws:elasticloadbalancing:eu-west-3:757244967855:loadbalancer/app/alb-cloud-1/91700d1502287f4e",
            "idle_timeout": 60,
            "internal": false,
            "ip_address_type": "ipv4",
            "load_balancer_type": "application",
            "name": "alb-cloud-1",
            "name_prefix": "",
            "preserve_host_header": false,
            "security_groups": [
              "sg-058bd8725b44aa8c3"
            ],
            "subnet_mapping": [
              {
                "allocation_id": "",
                "ipv6_address": "",
                "outpost_id": "",
                "private_ipv4_address": "",
                "subnet_id": "subnet-0479ab04a04d725e5"
              },
              {
                "allocation_id": "",
                "ipv6_address": "",
                "outpost_id": "",
                "private_ipv4_address": "",
                "subnet_id": "subnet-0e7c1e84d02b18fd4"
              }
            ],
            "subnets": [
              "subnet-0479ab04a04d725e5",
              "subnet-0e7c1e84d02b18fd4"
            ],
            "tags": {
              "DeployedBy": "Terraform",
              "Origin": "cloud-1",
              "terraform-aws-modules": "alb"
            },
            "tags_all": {
              "DeployedBy": "Terraform",
              "Origin": "cloud-1",
              "terraform-aws-modules": "alb"
            },
            "timeouts": {
              "create": null,
              "delete": null,
              "update": null
            },
            "vpc_id": "vpc-0d8cc78a8cfc3e195",
            "xff_header_processing_mode": "append",
            "zone_id": "Z3Q77PNBQS71R4"
          },
          "sensitive_attributes": [],
          "private": "eyJlMmJmYjczMC1lY2FhLTExZTYtOGY4OC0zNDM2M2JjN2M0YzAiOnsiY3JlYXRlIjo2MDAwMDAwMDAwMDAsImRlbGV0ZSI6NjAwMDAwMDAwMDAwLCJ1cGRhdGUiOjYwMDAwMDAwMDAwMH19",
          "dependencies": [
            "module.alb.aws_security_group.this",
            "module.vpc.aws_subnet.public",
            "module.vpc.aws_vpc.this",
            "module.vpc.aws_vpc_ipv4_cidr_block_association.this"
          ],
          "create_before_destroy": true
        }
      ]
    },
    {
      "module": "module.alb",
      "mode": "managed",
      "type": "aws_lb_listener",
      "name": "this",
      "provider": "provider[\"registry.terraform.io/hashicorp/aws\"].default",
      "instances": [
        {
          "index_key": "wordpress",
          "schema_version": 0,
          "attributes": {
            "alpn_policy": null,
            "arn": "arn:aws:elasticloadbalancing:eu-west-3:757244967855:listener/app/alb-cloud-1/91700d1502287f4e/2873469a46e6b11f",
            "certificate_arn": null,
            "default_action": [
              {
                "authenticate_cognito": [],
                "authenticate_oidc": [],
                "fixed_response": [],
                "forward": [],
                "order": 1,
                "redirect": [],
                "target_group_arn": "arn:aws:elasticloadbalancing:eu-west-3:757244967855:targetgroup/tf-20241213150040915100000005/e08b001178e721c6",
                "type": "forward"
              }
            ],
            "id": "arn:aws:elasticloadbalancing:eu-west-3:757244967855:listener/app/alb-cloud-1/91700d1502287f4e/2873469a46e6b11f",
            "load_balancer_arn": "arn:aws:elasticloadbalancing:eu-west-3:757244967855:loadbalancer/app/alb-cloud-1/91700d1502287f4e",
            "mutual_authentication": [],
            "port": 80,
            "protocol": "HTTP",
            "ssl_policy": "",
            "tags": {
              "DeployedBy": "Terraform",
              "Origin": "cloud-1",
              "terraform-aws-modules": "alb"
            },
            "tags_all": {
              "DeployedBy": "Terraform",
              "Origin": "cloud-1",
              "terraform-aws-modules": "alb"
            },
            "tcp_idle_timeout_seconds": null,
            "timeouts": null
          },
          "sensitive_attributes": [],
          "private": "eyJlMmJmYjczMC1lY2FhLTExZTYtOGY4OC0zNDM2M2JjN2M0YzAiOnsiY3JlYXRlIjozMDAwMDAwMDAwMDAsInVwZGF0ZSI6MzAwMDAwMDAwMDAwfX0=",
          "dependencies": [
            "module.alb.aws_lb.this",
            "module.alb.aws_lb_target_group.this",
            "module.alb.aws_security_group.this",
            "module.vpc.aws_subnet.public",
            "module.vpc.aws_vpc.this",
            "module.vpc.aws_vpc_ipv4_cidr_block_association.this"
          ]
        }
      ]
    },
    {
      "module": "module.alb",
      "mode": "managed",
      "type": "aws_lb_target_group",
      "name": "this",
      "provider": "provider[\"registry.terraform.io/hashicorp/aws\"].default",
      "instances": [
        {
          "index_key": "wp_asg",
          "schema_version": 0,
          "attributes": {
            "arn": "arn:aws:elasticloadbalancing:eu-west-3:757244967855:targetgroup/tf-20241213150040915100000005/e08b001178e721c6",
            "arn_suffix": "targetgroup/tf-20241213150040915100000005/e08b001178e721c6",
            "connection_termination": null,
            "deregistration_delay": "5",
            "health_check": [
              {
                "enabled": true,
                "healthy_threshold": 5,
                "interval": 30,
                "matcher": "200",
                "path": "/",
                "port": "traffic-port",
                "protocol": "HTTP",
                "timeout": 5,
                "unhealthy_threshold": 2
              }
            ],
            "id": "arn:aws:elasticloadbalancing:eu-west-3:757244967855:targetgroup/tf-20241213150040915100000005/e08b001178e721c6",
            "ip_address_type": "ipv4",
            "lambda_multi_value_headers_enabled": false,
            "load_balancer_arns": [],
            "load_balancing_algorithm_type": "round_robin",
            "load_balancing_anomaly_mitigation": "off",
            "load_balancing_cross_zone_enabled": "true",
            "name": "tf-20241213150040915100000005",
            "name_prefix": "tf-",
            "port": 80,
            "preserve_client_ip": null,
            "protocol": "HTTP",
            "protocol_version": "HTTP1",
            "proxy_protocol_v2": false,
            "slow_start": 0,
            "stickiness": [
              {
                "cookie_duration": 86400,
                "cookie_name": "",
                "enabled": false,
                "type": "lb_cookie"
              }
            ],
            "tags": {
              "DeployedBy": "Terraform",
              "Origin": "cloud-1",
              "terraform-aws-modules": "alb"
            },
            "tags_all": {
              "DeployedBy": "Terraform",
              "Origin": "cloud-1",
              "terraform-aws-modules": "alb"
            },
            "target_failover": [
              {
                "on_deregistration": null,
                "on_unhealthy": null
              }
            ],
            "target_group_health": [
              {
                "dns_failover": [
                  {
                    "minimum_healthy_targets_count": "1",
                    "minimum_healthy_targets_percentage": "off"
                  }
                ],
                "unhealthy_state_routing": [
                  {
                    "minimum_healthy_targets_count": 1,
                    "minimum_healthy_targets_percentage": "off"
                  }
                ]
              }
            ],
            "target_health_state": [
              {
                "enable_unhealthy_connection_termination": null,
                "unhealthy_draining_interval": null
              }
            ],
            "target_type": "instance",
            "vpc_id": "vpc-0d8cc78a8cfc3e195"
          },
          "sensitive_attributes": [],
          "private": "bnVsbA==",
          "dependencies": [
            "module.vpc.aws_vpc.this"
          ],
          "create_before_destroy": true
        }
      ]
    },
    {
      "module": "module.alb",
      "mode": "managed",
      "type": "aws_security_group",
      "name": "this",
      "provider": "provider[\"registry.terraform.io/hashicorp/aws\"].default",
      "instances": [
        {
          "index_key": 0,
          "schema_version": 1,
          "attributes": {
            "arn": "arn:aws:ec2:eu-west-3:757244967855:security-group/sg-058bd8725b44aa8c3",
            "description": "Security group for alb-cloud-1 application load balancer",
            "egress": [],
            "id": "sg-058bd8725b44aa8c3",
            "ingress": [],
            "name": "alb-cloud-1-20241213150040927200000006",
            "name_prefix": "alb-cloud-1-",
            "owner_id": "757244967855",
            "revoke_rules_on_delete": false,
            "tags": {
              "DeployedBy": "Terraform",
              "Origin": "cloud-1",
              "terraform-aws-modules": "alb"
            },
            "tags_all": {
              "DeployedBy": "Terraform",
              "Origin": "cloud-1",
              "terraform-aws-modules": "alb"
            },
            "timeouts": null,
            "vpc_id": "vpc-0d8cc78a8cfc3e195"
          },
          "sensitive_attributes": [],
          "private": "eyJlMmJmYjczMC1lY2FhLTExZTYtOGY4OC0zNDM2M2JjN2M0YzAiOnsiY3JlYXRlIjo2MDAwMDAwMDAwMDAsImRlbGV0ZSI6OTAwMDAwMDAwMDAwfSwic2NoZW1hX3ZlcnNpb24iOiIxIn0=",
          "dependencies": [
            "module.vpc.aws_vpc.this"
          ],
          "create_before_destroy": true
        }
      ]
    },
    {
      "module": "module.alb",
      "mode": "managed",
      "type": "aws_vpc_security_group_egress_rule",
      "name": "this",
      "provider": "provider[\"registry.terraform.io/hashicorp/aws\"].default",
      "instances": [
        {
          "index_key": "all",
          "schema_version": 0,
          "attributes": {
            "arn": "arn:aws:ec2:eu-west-3:757244967855:security-group-rule/sgr-034452d52d2614a6b",
            "cidr_ipv4": "10.0.0.0/16",
            "cidr_ipv6": null,
            "description": null,
            "from_port": null,
            "id": "sgr-034452d52d2614a6b",
            "ip_protocol": "-1",
            "prefix_list_id": null,
            "referenced_security_group_id": null,
            "security_group_id": "sg-058bd8725b44aa8c3",
            "security_group_rule_id": "sgr-034452d52d2614a6b",
            "tags": {
              "DeployedBy": "Terraform",
              "Origin": "cloud-1",
              "terraform-aws-modules": "alb"
            },
            "tags_all": {
              "DeployedBy": "Terraform",
              "Origin": "cloud-1",
              "terraform-aws-modules": "alb"
            },
            "to_port": null
          },
          "sensitive_attributes": [],
          "dependencies": [
            "module.alb.aws_security_group.this",
            "module.vpc.aws_vpc.this"
          ]
        }
      ]
    },
    {
      "module": "module.alb",
      "mode": "managed",
      "type": "aws_vpc_security_group_ingress_rule",
      "name": "this",
      "provider": "provider[\"registry.terraform.io/hashicorp/aws\"].default",
      "instances": [
        {
          "index_key": "all_http",
          "schema_version": 0,
          "attributes": {
            "arn": "arn:aws:ec2:eu-west-3:757244967855:security-group-rule/sgr-03b6f36b81f25e0ca",
            "cidr_ipv4": "0.0.0.0/0",
            "cidr_ipv6": null,
            "description": "HTTP web traffic",
            "from_port": 80,
            "id": "sgr-03b6f36b81f25e0ca",
            "ip_protocol": "tcp",
            "prefix_list_id": null,
            "referenced_security_group_id": null,
            "security_group_id": "sg-058bd8725b44aa8c3",
            "security_group_rule_id": "sgr-03b6f36b81f25e0ca",
            "tags": {
              "DeployedBy": "Terraform",
              "Origin": "cloud-1",
              "terraform-aws-modules": "alb"
            },
            "tags_all": {
              "DeployedBy": "Terraform",
              "Origin": "cloud-1",
              "terraform-aws-modules": "alb"
            },
            "to_port": 80
          },
          "sensitive_attributes": [],
          "dependencies": [
            "module.alb.aws_security_group.this",
            "module.vpc.aws_vpc.this"
          ]
        }
      ]
    },
    {
      "module": "module.aurora",
      "mode": "data",
      "type": "aws_partition",
      "name": "current",
      "provider": "provider[\"registry.terraform.io/hashicorp/aws\"].default",
      "instances": [
        {
          "schema_version": 0,
          "attributes": {
            "dns_suffix": "amazonaws.com",
            "id": "aws",
            "partition": "aws",
            "reverse_dns_prefix": "com.amazonaws"
          },
          "sensitive_attributes": []
        }
      ]
    },
    {
      "module": "module.aurora",
      "mode": "managed",
      "type": "aws_rds_cluster",
      "name": "this",
      "provider": "provider[\"registry.terraform.io/hashicorp/aws\"].default",
      "instances": [
        {
          "index_key": 0,
          "schema_version": 1,
          "attributes": {
            "allocated_storage": 1,
            "allow_major_version_upgrade": false,
            "apply_immediately": true,
            "arn": "arn:aws:rds:eu-west-3:757244967855:cluster:aurora-cluster-cloud-1-mysqlv2",
            "availability_zones": [
              "eu-west-3a",
              "eu-west-3b",
              "eu-west-3c"
            ],
            "backtrack_window": 0,
            "backup_retention_period": 1,
            "ca_certificate_identifier": null,
            "ca_certificate_valid_till": null,
            "cluster_identifier": "aurora-cluster-cloud-1-mysqlv2",
            "cluster_identifier_prefix": "",
            "cluster_members": [],
            "cluster_resource_id": "cluster-UD6RF3BKFAF4ORKRT745WO27DU",
            "copy_tags_to_snapshot": false,
            "database_name": "wordpress",
            "db_cluster_instance_class": "",
            "db_cluster_parameter_group_name": "default.aurora-mysql8.0",
            "db_instance_parameter_group_name": null,
            "db_subnet_group_name": "vpc-cloud-1",
            "db_system_id": "",
            "delete_automated_backups": true,
            "deletion_protection": false,
            "domain": "",
            "domain_iam_role_name": "",
            "enable_global_write_forwarding": false,
            "enable_http_endpoint": false,
            "enable_local_write_forwarding": false,
            "enabled_cloudwatch_logs_exports": null,
            "endpoint": "aurora-cluster-cloud-1-mysqlv2.cluster-c3mu2sgisc7x.eu-west-3.rds.amazonaws.com",
            "engine": "aurora-mysql",
            "engine_lifecycle_support": "open-source-rds-extended-support",
            "engine_mode": "provisioned",
            "engine_version": "8.0",
            "engine_version_actual": "8.0.mysql_aurora.3.05.2",
            "final_snapshot_identifier": null,
            "global_cluster_identifier": "",
            "hosted_zone_id": "ZMESEXB7ZGGQ3",
            "iam_database_authentication_enabled": false,
            "iam_roles": [],
            "id": "aurora-cluster-cloud-1-mysqlv2",
            "iops": 0,
            "kms_key_id": "arn:aws:kms:eu-west-3:757244967855:key/2a479ecc-6f5b-458d-8b09-1edc4ee71021",
            "manage_master_user_password": true,
            "master_password": null,
            "master_user_secret": [
              {
                "kms_key_id": "arn:aws:kms:eu-west-3:757244967855:key/53d96f38-cf07-4a55-b062-b85ded2b233f",
                "secret_arn": "arn:aws:secretsmanager:eu-west-3:757244967855:secret:rds!cluster-b4affa89-c70f-455e-a61b-caea9fe82d1f-vWCq3j",
                "secret_status": "active"
              }
            ],
            "master_user_secret_kms_key_id": null,
            "master_username": "master",
            "network_type": "IPV4",
            "performance_insights_enabled": false,
            "performance_insights_kms_key_id": "",
            "performance_insights_retention_period": 0,
            "port": 3306,
            "preferred_backup_window": "02:00-03:00",
            "preferred_maintenance_window": "sun:05:00-sun:06:00",
            "reader_endpoint": "aurora-cluster-cloud-1-mysqlv2.cluster-ro-c3mu2sgisc7x.eu-west-3.rds.amazonaws.com",
            "replication_source_identifier": "",
            "restore_to_point_in_time": [],
            "s3_import": [],
            "scaling_configuration": [],
            "serverlessv2_scaling_configuration": [
              {
                "max_capacity": 1,
                "min_capacity": 0.5,
                "seconds_until_auto_pause": 0
              }
            ],
            "skip_final_snapshot": true,
            "snapshot_identifier": null,
            "source_region": null,
            "storage_encrypted": true,
            "storage_type": "",
            "tags": {
              "DeployedBy": "Terraform",
              "Origin": "cloud-1"
            },
            "tags_all": {
              "DeployedBy": "Terraform",
              "Origin": "cloud-1"
            },
            "timeouts": {
              "create": null,
              "delete": null,
              "update": null
            },
            "vpc_security_group_ids": [
              "sg-035183ad82011183b"
            ]
          },
          "sensitive_attributes": [
            [
              {
                "type": "get_attr",
                "value": "master_password"
              }
            ]
          ],
          "private": "eyJlMmJmYjczMC1lY2FhLTExZTYtOGY4OC0zNDM2M2JjN2M0YzAiOnsiY3JlYXRlIjo3MjAwMDAwMDAwMDAwLCJkZWxldGUiOjcyMDAwMDAwMDAwMDAsInVwZGF0ZSI6NzIwMDAwMDAwMDAwMH0sInNjaGVtYV92ZXJzaW9uIjoiMSJ9",
          "dependencies": [
            "module.aurora.aws_cloudwatch_log_group.this",
            "module.aurora.aws_db_subnet_group.this",
            "module.aurora.aws_rds_cluster_parameter_group.this",
            "module.aurora.aws_security_group.this",
            "module.vpc.aws_db_subnet_group.database",
            "module.vpc.aws_subnet.database",
            "module.vpc.aws_vpc.this",
            "module.vpc.aws_vpc_ipv4_cidr_block_association.this"
          ],
          "create_before_destroy": true
        }
      ]
    },
    {
      "module": "module.aurora",
      "mode": "managed",
      "type": "aws_rds_cluster_instance",
      "name": "this",
      "provider": "provider[\"registry.terraform.io/hashicorp/aws\"].default",
      "instances": [
        {
          "index_key": "one",
          "schema_version": 0,
          "attributes": {
            "apply_immediately": true,
            "arn": "arn:aws:rds:eu-west-3:757244967855:db:aurora-cluster-cloud-1-mysqlv2-one",
            "auto_minor_version_upgrade": true,
            "availability_zone": "eu-west-3b",
            "ca_cert_identifier": "rds-ca-rsa2048-g1",
            "cluster_identifier": "aurora-cluster-cloud-1-mysqlv2",
            "copy_tags_to_snapshot": false,
            "custom_iam_instance_profile": "",
            "db_parameter_group_name": "default.aurora-mysql8.0",
            "db_subnet_group_name": "vpc-cloud-1",
            "dbi_resource_id": "db-KLRKCTQP3EXTUW4GD72IUY7JFI",
            "endpoint": "aurora-cluster-cloud-1-mysqlv2-one.c3mu2sgisc7x.eu-west-3.rds.amazonaws.com",
            "engine": "aurora-mysql",
            "engine_version": "8.0",
            "engine_version_actual": "8.0.mysql_aurora.3.05.2",
            "force_destroy": false,
            "id": "aurora-cluster-cloud-1-mysqlv2-one",
            "identifier": "aurora-cluster-cloud-1-mysqlv2-one",
            "identifier_prefix": "",
            "instance_class": "db.serverless",
            "kms_key_id": "arn:aws:kms:eu-west-3:757244967855:key/2a479ecc-6f5b-458d-8b09-1edc4ee71021",
            "monitoring_interval": 0,
            "monitoring_role_arn": "",
            "network_type": "IPV4",
            "performance_insights_enabled": false,
            "performance_insights_kms_key_id": "",
            "performance_insights_retention_period": 0,
            "port": 3306,
            "preferred_backup_window": "02:00-03:00",
            "preferred_maintenance_window": "sun:05:00-sun:06:00",
            "promotion_tier": 0,
            "publicly_accessible": false,
            "storage_encrypted": true,
            "tags": {
              "DeployedBy": "Terraform",
              "Origin": "cloud-1"
            },
            "tags_all": {
              "DeployedBy": "Terraform",
              "Origin": "cloud-1"
            },
            "timeouts": {
              "create": null,
              "delete": null,
              "update": null
            },
            "writer": true
          },
          "sensitive_attributes": [],
          "private": "eyJlMmJmYjczMC1lY2FhLTExZTYtOGY4OC0zNDM2M2JjN2M0YzAiOnsiY3JlYXRlIjo1NDAwMDAwMDAwMDAwLCJkZWxldGUiOjU0MDAwMDAwMDAwMDAsInVwZGF0ZSI6NTQwMDAwMDAwMDAwMH19",
          "dependencies": [
            "module.aurora.aws_cloudwatch_log_group.this",
            "module.aurora.aws_db_parameter_group.this",
            "module.aurora.aws_db_subnet_group.this",
            "module.aurora.aws_iam_role.rds_enhanced_monitoring",
            "module.aurora.aws_rds_cluster.this",
            "module.aurora.aws_rds_cluster_parameter_group.this",
            "module.aurora.aws_security_group.this",
            "module.aurora.data.aws_iam_policy_document.monitoring_rds_assume_role",
            "module.vpc.aws_db_subnet_group.database",
            "module.vpc.aws_subnet.database",
            "module.vpc.aws_vpc.this",
            "module.vpc.aws_vpc_ipv4_cidr_block_association.this"
          ],
          "create_before_destroy": true
        }
      ]
    },
    {
      "module": "module.aurora",
      "mode": "managed",
      "type": "aws_security_group",
      "name": "this",
      "provider": "provider[\"registry.terraform.io/hashicorp/aws\"].default",
      "instances": [
        {
          "index_key": 0,
          "schema_version": 1,
          "attributes": {
            "arn": "arn:aws:ec2:eu-west-3:757244967855:security-group/sg-035183ad82011183b",
            "description": "Control traffic to/from RDS Aurora aurora-cluster-cloud-1-mysqlv2",
            "egress": [],
            "id": "sg-035183ad82011183b",
            "ingress": [],
            "name": "aurora-cluster-cloud-1-mysqlv2-20241213150041164900000007",
            "name_prefix": "aurora-cluster-cloud-1-mysqlv2-",
            "owner_id": "757244967855",
            "revoke_rules_on_delete": false,
            "tags": {
              "DeployedBy": "Terraform",
              "Name": "aurora-cluster-cloud-1-mysqlv2",
              "Origin": "cloud-1"
            },
            "tags_all": {
              "DeployedBy": "Terraform",
              "Name": "aurora-cluster-cloud-1-mysqlv2",
              "Origin": "cloud-1"
            },
            "timeouts": null,
            "vpc_id": "vpc-0d8cc78a8cfc3e195"
          },
          "sensitive_attributes": [],
          "private": "eyJlMmJmYjczMC1lY2FhLTExZTYtOGY4OC0zNDM2M2JjN2M0YzAiOnsiY3JlYXRlIjo2MDAwMDAwMDAwMDAsImRlbGV0ZSI6OTAwMDAwMDAwMDAwfSwic2NoZW1hX3ZlcnNpb24iOiIxIn0=",
          "dependencies": [
            "module.vpc.aws_vpc.this"
          ],
          "create_before_destroy": true
        }
      ]
    },
    {
      "module": "module.aurora",
      "mode": "managed",
      "type": "aws_security_group_rule",
      "name": "this",
      "provider": "provider[\"registry.terraform.io/hashicorp/aws\"].default",
      "instances": [
        {
          "index_key": "allow_asg",
          "schema_version": 2,
          "attributes": {
            "cidr_blocks": null,
            "description": "Allow ASG to access the Aurora Cluster",
            "from_port": 3306,
            "id": "sgrule-1193150161",
            "ipv6_cidr_blocks": null,
            "prefix_list_ids": null,
            "protocol": "tcp",
            "security_group_id": "sg-035183ad82011183b",
            "security_group_rule_id": "sgr-031118b52e0b1b015",
            "self": false,
            "source_security_group_id": "sg-0fbbd9af2b0906c3c",
            "timeouts": null,
            "to_port": 3306,
            "type": "ingress"
          },
          "sensitive_attributes": [],
          "private": "eyJlMmJmYjczMC1lY2FhLTExZTYtOGY4OC0zNDM2M2JjN2M0YzAiOnsiY3JlYXRlIjozMDAwMDAwMDAwMDB9LCJzY2hlbWFfdmVyc2lvbiI6IjIifQ==",
          "dependencies": [
            "module.aurora.aws_security_group.this",
            "module.autoscaling_sg.aws_security_group.this",
            "module.autoscaling_sg.aws_security_group.this_name_prefix",
            "module.vpc.aws_vpc.this"
          ],
          "create_before_destroy": true
        }
      ]
    },
    {
      "module": "module.autoscaling",
      "mode": "data",
      "type": "aws_iam_policy_document",
      "name": "assume_role_policy",
      "provider": "provider[\"registry.terraform.io/hashicorp/aws\"].default",
      "instances": [
        {
          "index_key": 0,
          "schema_version": 0,
          "attributes": {
            "id": "1256122602",
            "json": "{\n  \"Version\": \"2012-10-17\",\n  \"Statement\": [\n    {\n      \"Sid\": \"EC2AssumeRole\",\n      \"Effect\": \"Allow\",\n      \"Action\": \"sts:AssumeRole\",\n      \"Principal\": {\n        \"Service\": \"ec2.amazonaws.com\"\n      }\n    }\n  ]\n}",
            "minified_json": "{\"Version\":\"2012-10-17\",\"Statement\":[{\"Sid\":\"EC2AssumeRole\",\"Effect\":\"Allow\",\"Action\":\"sts:AssumeRole\",\"Principal\":{\"Service\":\"ec2.amazonaws.com\"}}]}",
            "override_json": null,
            "override_policy_documents": null,
            "policy_id": null,
            "source_json": null,
            "source_policy_documents": null,
            "statement": [
              {
                "actions": [
                  "sts:AssumeRole"
                ],
                "condition": [],
                "effect": "Allow",
                "not_actions": [],
                "not_principals": [],
                "not_resources": [],
                "principals": [
                  {
                    "identifiers": [
                      "ec2.amazonaws.com"
                    ],
                    "type": "Service"
                  }
                ],
                "resources": [],
                "sid": "EC2AssumeRole"
              }
            ],
            "version": "2012-10-17"
          },
          "sensitive_attributes": []
        }
      ]
    },
    {
      "module": "module.autoscaling",
      "mode": "data",
      "type": "aws_partition",
      "name": "current",
      "provider": "provider[\"registry.terraform.io/hashicorp/aws\"].default",
      "instances": [
        {
          "schema_version": 0,
          "attributes": {
            "dns_suffix": "amazonaws.com",
            "id": "aws",
            "partition": "aws",
            "reverse_dns_prefix": "com.amazonaws"
          },
          "sensitive_attributes": []
        }
      ]
    },
    {
      "module": "module.autoscaling",
      "mode": "managed",
      "type": "aws_autoscaling_group",
      "name": "this",
      "provider": "provider[\"registry.terraform.io/hashicorp/aws\"].default",
      "instances": [
        {
          "index_key": 0,
          "schema_version": 1,
          "attributes": {
            "arn": "arn:aws:autoscaling:eu-west-3:757244967855:autoScalingGroup:614ff6db-4291-4e89-99ef-9a164f12e97e:autoScalingGroupName/asg-cloud-1-20241213151348166000000011",
            "availability_zones": [
              "eu-west-3a",
              "eu-west-3b"
            ],
            "capacity_rebalance": false,
            "context": "",
            "default_cooldown": 300,
            "default_instance_warmup": 0,
            "desired_capacity": 2,
            "desired_capacity_type": "",
            "enabled_metrics": null,
            "force_delete": true,
            "force_delete_warm_pool": false,
            "health_check_grace_period": 180,
            "health_check_type": "EC2",
            "id": "asg-cloud-1-20241213151348166000000011",
            "ignore_failed_scaling_activities": false,
            "initial_lifecycle_hook": [],
            "instance_maintenance_policy": [],
            "instance_refresh": [],
            "launch_configuration": "",
            "launch_template": [
              {
                "id": "lt-0ddc7ffc92add126b",
                "name": "template-cloud-1-2024121315134246950000000f",
                "version": "1"
              }
            ],
            "load_balancers": [],
            "max_instance_lifetime": 0,
            "max_size": 3,
            "metrics_granularity": "1Minute",
            "min_elb_capacity": null,
            "min_size": 2,
            "mixed_instances_policy": [],
            "name": "asg-cloud-1-20241213151348166000000011",
            "name_prefix": "asg-cloud-1-",
            "placement_group": "",
            "predicted_capacity": 0,
            "protect_from_scale_in": false,
            "service_linked_role_arn": "arn:aws:iam::757244967855:role/aws-service-role/autoscaling.amazonaws.com/AWSServiceRoleForAutoScaling",
            "suspended_processes": null,
            "tag": [
              {
                "key": "DeployedBy",
                "propagate_at_launch": true,
                "value": "Terraform"
              },
              {
                "key": "Name",
                "propagate_at_launch": true,
                "value": "i-cloud-1"
              },
              {
                "key": "Origin",
                "propagate_at_launch": true,
                "value": "cloud-1"
              }
            ],
            "target_group_arns": [],
            "termination_policies": [],
            "timeouts": {
              "delete": null,
              "update": null
            },
            "traffic_source": [],
            "vpc_zone_identifier": [
              "subnet-09c33d3a7d2bd7f1a",
              "subnet-0e9a62cdc91392480"
            ],
            "wait_for_capacity_timeout": "10m",
            "wait_for_elb_capacity": null,
            "warm_pool": [],
            "warm_pool_size": 0
          },
          "sensitive_attributes": [],
          "private": "eyJlMmJmYjczMC1lY2FhLTExZTYtOGY4OC0zNDM2M2JjN2M0YzAiOnsiZGVsZXRlIjo2MDAwMDAwMDAwMDAsInVwZGF0ZSI6NjAwMDAwMDAwMDAwfSwic2NoZW1hX3ZlcnNpb24iOiIxIn0=",
          "dependencies": [
            "data.aws_caller_identity.current",
            "data.aws_route53_zone.current",
            "module.acm.aws_acm_certificate.this",
            "module.acm.aws_acm_certificate_validation.this",
            "module.acm.aws_route53_record.validation",
            "module.alb.aws_lb.this",
            "module.alb.aws_security_group.this",
            "module.aurora.aws_appautoscaling_policy.this",
            "module.aurora.aws_appautoscaling_target.this",
            "module.aurora.aws_cloudwatch_log_group.this",
            "module.aurora.aws_db_parameter_group.this",
            "module.aurora.aws_db_subnet_group.this",
            "module.aurora.aws_iam_role.rds_enhanced_monitoring",
            "module.aurora.aws_iam_role_policy_attachment.rds_enhanced_monitoring",
            "module.aurora.aws_rds_cluster.this",
            "module.aurora.aws_rds_cluster_activity_stream.this",
            "module.aurora.aws_rds_cluster_endpoint.this",
            "module.aurora.aws_rds_cluster_instance.this",
            "module.aurora.aws_rds_cluster_parameter_group.this",
            "module.aurora.aws_rds_cluster_role_association.this",
            "module.aurora.aws_secretsmanager_secret_rotation.this",
            "module.aurora.aws_security_group.this",
            "module.aurora.aws_security_group_rule.this",
            "module.aurora.data.aws_iam_policy_document.monitoring_rds_assume_role",
            "module.aurora.data.aws_partition.current",
            "module.autoscaling.aws_iam_instance_profile.this",
            "module.autoscaling.aws_iam_role.this",
            "module.autoscaling.aws_launch_template.this",
            "module.autoscaling.data.aws_iam_policy_document.assume_role_policy",
            "module.autoscaling.data.aws_partition.current",
            "module.autoscaling_sg.aws_security_group.this",
            "module.autoscaling_sg.aws_security_group.this_name_prefix",
            "module.cloudfront.aws_cloudfront_distribution.this",
            "module.cloudfront.aws_cloudfront_origin_access_control.this",
            "module.cloudfront.aws_cloudfront_origin_access_identity.this",
            "module.efs.aws_efs_access_point.this",
            "module.efs.aws_efs_backup_policy.this",
            "module.efs.aws_efs_file_system.this",
            "module.efs.aws_efs_file_system_policy.this",
            "module.efs.aws_efs_mount_target.this",
            "module.efs.aws_efs_replication_configuration.this",
            "module.efs.aws_security_group.this",
            "module.efs.aws_security_group_rule.this",
            "module.efs.data.aws_iam_policy_document.policy",
            "module.elasticache.aws_cloudwatch_log_group.this",
            "module.elasticache.aws_elasticache_cluster.this",
            "module.elasticache.aws_elasticache_global_replication_group.this",
            "module.elasticache.aws_elasticache_parameter_group.this",
            "module.elasticache.aws_elasticache_replication_group.global",
            "module.elasticache.aws_elasticache_replication_group.this",
            "module.elasticache.aws_elasticache_subnet_group.this",
            "module.elasticache.aws_security_group.this",
            "module.elasticache.aws_vpc_security_group_egress_rule.this",
            "module.elasticache.aws_vpc_security_group_ingress_rule.this",
            "module.elasticache.random_id.this",
            "module.kms.aws_kms_external_key.this",
            "module.kms.aws_kms_key.this",
            "module.kms.aws_kms_replica_external_key.this",
            "module.kms.aws_kms_replica_key.this",
            "module.kms.data.aws_caller_identity.current",
            "module.kms.data.aws_iam_policy_document.this",
            "module.kms.data.aws_partition.current",
            "module.vpc.aws_db_subnet_group.database",
            "module.vpc.aws_subnet.database",
            "module.vpc.aws_subnet.private",
            "module.vpc.aws_subnet.public",
            "module.vpc.aws_vpc.this",
            "module.vpc.aws_vpc_ipv4_cidr_block_association.this"
          ],
          "create_before_destroy": true
        }
      ]
    },
    {
      "module": "module.autoscaling",
      "mode": "managed",
      "type": "aws_autoscaling_traffic_source_attachment",
      "name": "this",
      "provider": "provider[\"registry.terraform.io/hashicorp/aws\"].default",
      "instances": [
        {
          "index_key": "loadbalancer",
          "schema_version": 0,
          "attributes": {
            "autoscaling_group_name": "asg-cloud-1-20241213151348166000000011",
            "id": "asg-cloud-1-20241213151348166000000011,elbv2,arn:aws:elasticloadbalancing:eu-west-3:757244967855:targetgroup/tf-20241213150040915100000005/e08b001178e721c6",
            "timeouts": null,
            "traffic_source": [
              {
                "identifier": "arn:aws:elasticloadbalancing:eu-west-3:757244967855:targetgroup/tf-20241213150040915100000005/e08b001178e721c6",
                "type": "elbv2"
              }
            ]
          },
          "sensitive_attributes": [],
          "private": "eyJlMmJmYjczMC1lY2FhLTExZTYtOGY4OC0zNDM2M2JjN2M0YzAiOnsiY3JlYXRlIjoxODAwMDAwMDAwMDAwLCJkZWxldGUiOjE4MDAwMDAwMDAwMDB9fQ==",
          "dependencies": [
            "data.aws_caller_identity.current",
            "data.aws_route53_zone.current",
            "module.acm.aws_acm_certificate.this",
            "module.acm.aws_acm_certificate_validation.this",
            "module.acm.aws_route53_record.validation",
            "module.alb.aws_lb.this",
            "module.alb.aws_lb_target_group.this",
            "module.alb.aws_security_group.this",
            "module.aurora.aws_appautoscaling_policy.this",
            "module.aurora.aws_appautoscaling_target.this",
            "module.aurora.aws_cloudwatch_log_group.this",
            "module.aurora.aws_db_parameter_group.this",
            "module.aurora.aws_db_subnet_group.this",
            "module.aurora.aws_iam_role.rds_enhanced_monitoring",
            "module.aurora.aws_iam_role_policy_attachment.rds_enhanced_monitoring",
            "module.aurora.aws_rds_cluster.this",
            "module.aurora.aws_rds_cluster_activity_stream.this",
            "module.aurora.aws_rds_cluster_endpoint.this",
            "module.aurora.aws_rds_cluster_instance.this",
            "module.aurora.aws_rds_cluster_parameter_group.this",
            "module.aurora.aws_rds_cluster_role_association.this",
            "module.aurora.aws_secretsmanager_secret_rotation.this",
            "module.aurora.aws_security_group.this",
            "module.aurora.aws_security_group_rule.this",
            "module.aurora.data.aws_iam_policy_document.monitoring_rds_assume_role",
            "module.aurora.data.aws_partition.current",
            "module.autoscaling.aws_autoscaling_group.idc",
            "module.autoscaling.aws_autoscaling_group.this",
            "module.autoscaling.aws_iam_instance_profile.this",
            "module.autoscaling.aws_iam_role.this",
            "module.autoscaling.aws_launch_template.this",
            "module.autoscaling.data.aws_iam_policy_document.assume_role_policy",
            "module.autoscaling.data.aws_partition.current",
            "module.autoscaling_sg.aws_security_group.this",
            "module.autoscaling_sg.aws_security_group.this_name_prefix",
            "module.cloudfront.aws_cloudfront_distribution.this",
            "module.cloudfront.aws_cloudfront_origin_access_control.this",
            "module.cloudfront.aws_cloudfront_origin_access_identity.this",
            "module.efs.aws_efs_access_point.this",
            "module.efs.aws_efs_backup_policy.this",
            "module.efs.aws_efs_file_system.this",
            "module.efs.aws_efs_file_system_policy.this",
            "module.efs.aws_efs_mount_target.this",
            "module.efs.aws_efs_replication_configuration.this",
            "module.efs.aws_security_group.this",
            "module.efs.aws_security_group_rule.this",
            "module.efs.data.aws_iam_policy_document.policy",
            "module.elasticache.aws_cloudwatch_log_group.this",
            "module.elasticache.aws_elasticache_cluster.this",
            "module.elasticache.aws_elasticache_global_replication_group.this",
            "module.elasticache.aws_elasticache_parameter_group.this",
            "module.elasticache.aws_elasticache_replication_group.global",
            "module.elasticache.aws_elasticache_replication_group.this",
            "module.elasticache.aws_elasticache_subnet_group.this",
            "module.elasticache.aws_security_group.this",
            "module.elasticache.aws_vpc_security_group_egress_rule.this",
            "module.elasticache.aws_vpc_security_group_ingress_rule.this",
            "module.elasticache.random_id.this",
            "module.kms.aws_kms_external_key.this",
            "module.kms.aws_kms_key.this",
            "module.kms.aws_kms_replica_external_key.this",
            "module.kms.aws_kms_replica_key.this",
            "module.kms.data.aws_caller_identity.current",
            "module.kms.data.aws_iam_policy_document.this",
            "module.kms.data.aws_partition.current",
            "module.vpc.aws_db_subnet_group.database",
            "module.vpc.aws_subnet.database",
            "module.vpc.aws_subnet.private",
            "module.vpc.aws_subnet.public",
            "module.vpc.aws_vpc.this",
            "module.vpc.aws_vpc_ipv4_cidr_block_association.this"
          ]
        }
      ]
    },
    {
      "module": "module.autoscaling",
      "mode": "managed",
      "type": "aws_iam_instance_profile",
      "name": "this",
      "provider": "provider[\"registry.terraform.io/hashicorp/aws\"].default",
      "instances": [
        {
          "index_key": 0,
          "schema_version": 0,
          "attributes": {
            "arn": "arn:aws:iam::757244967855:instance-profile/iam-cloud-1-2024121315133578300000000c",
            "create_date": "2024-12-13T15:13:36Z",
            "id": "iam-cloud-1-2024121315133578300000000c",
            "name": "iam-cloud-1-2024121315133578300000000c",
            "name_prefix": "iam-cloud-1-",
            "path": "/",
            "role": "asg-profile-cloud-1-2024121315133490840000000b",
            "tags": {
              "DeployedBy": "Terraform",
              "Origin": "cloud-1"
            },
            "tags_all": {
              "DeployedBy": "Terraform",
              "Origin": "cloud-1"
            },
            "unique_id": "AIPA3AT2RHOX7GQRVCLYT"
          },
          "sensitive_attributes": [],
          "private": "bnVsbA==",
          "dependencies": [
            "data.aws_caller_identity.current",
            "module.aurora.aws_appautoscaling_policy.this",
            "module.aurora.aws_appautoscaling_target.this",
            "module.aurora.aws_cloudwatch_log_group.this",
            "module.aurora.aws_db_parameter_group.this",
            "module.aurora.aws_db_subnet_group.this",
            "module.aurora.aws_iam_role.rds_enhanced_monitoring",
            "module.aurora.aws_iam_role_policy_attachment.rds_enhanced_monitoring",
            "module.aurora.aws_rds_cluster.this",
            "module.aurora.aws_rds_cluster_activity_stream.this",
            "module.aurora.aws_rds_cluster_endpoint.this",
            "module.aurora.aws_rds_cluster_instance.this",
            "module.aurora.aws_rds_cluster_parameter_group.this",
            "module.aurora.aws_rds_cluster_role_association.this",
            "module.aurora.aws_secretsmanager_secret_rotation.this",
            "module.aurora.aws_security_group.this",
            "module.aurora.aws_security_group_rule.this",
            "module.aurora.data.aws_iam_policy_document.monitoring_rds_assume_role",
            "module.aurora.data.aws_partition.current",
            "module.autoscaling.aws_iam_role.this",
            "module.autoscaling.data.aws_iam_policy_document.assume_role_policy",
            "module.autoscaling.data.aws_partition.current",
            "module.autoscaling_sg.aws_security_group.this",
            "module.autoscaling_sg.aws_security_group.this_name_prefix",
            "module.efs.aws_efs_access_point.this",
            "module.efs.aws_efs_backup_policy.this",
            "module.efs.aws_efs_file_system.this",
            "module.efs.aws_efs_file_system_policy.this",
            "module.efs.aws_efs_mount_target.this",
            "module.efs.aws_efs_replication_configuration.this",
            "module.efs.aws_security_group.this",
            "module.efs.aws_security_group_rule.this",
            "module.efs.data.aws_iam_policy_document.policy",
            "module.elasticache.aws_cloudwatch_log_group.this",
            "module.elasticache.aws_elasticache_cluster.this",
            "module.elasticache.aws_elasticache_global_replication_group.this",
            "module.elasticache.aws_elasticache_parameter_group.this",
            "module.elasticache.aws_elasticache_replication_group.global",
            "module.elasticache.aws_elasticache_replication_group.this",
            "module.elasticache.aws_elasticache_subnet_group.this",
            "module.elasticache.aws_security_group.this",
            "module.elasticache.aws_vpc_security_group_egress_rule.this",
            "module.elasticache.aws_vpc_security_group_ingress_rule.this",
            "module.elasticache.random_id.this",
            "module.kms.aws_kms_external_key.this",
            "module.kms.aws_kms_key.this",
            "module.kms.aws_kms_replica_external_key.this",
            "module.kms.aws_kms_replica_key.this",
            "module.kms.data.aws_caller_identity.current",
            "module.kms.data.aws_iam_policy_document.this",
            "module.kms.data.aws_partition.current",
            "module.vpc.aws_db_subnet_group.database",
            "module.vpc.aws_subnet.database",
            "module.vpc.aws_subnet.private",
            "module.vpc.aws_vpc.this",
            "module.vpc.aws_vpc_ipv4_cidr_block_association.this"
          ],
          "create_before_destroy": true
        }
      ]
    },
    {
      "module": "module.autoscaling",
      "mode": "managed",
      "type": "aws_iam_role",
      "name": "this",
      "provider": "provider[\"registry.terraform.io/hashicorp/aws\"].default",
      "instances": [
        {
          "index_key": 0,
          "schema_version": 0,
          "attributes": {
            "arn": "arn:aws:iam::757244967855:role/asg-profile-cloud-1-2024121315133490840000000b",
            "assume_role_policy": "{\"Statement\":[{\"Action\":\"sts:AssumeRole\",\"Effect\":\"Allow\",\"Principal\":{\"Service\":\"ec2.amazonaws.com\"},\"Sid\":\"EC2AssumeRole\"}],\"Version\":\"2012-10-17\"}",
            "create_date": "2024-12-13T15:13:35Z",
            "description": "IAM role used by ASG instances",
            "force_detach_policies": true,
            "id": "asg-profile-cloud-1-2024121315133490840000000b",
            "inline_policy": [],
            "managed_policy_arns": [],
            "max_session_duration": 3600,
            "name": "asg-profile-cloud-1-2024121315133490840000000b",
            "name_prefix": "asg-profile-cloud-1-",
            "path": "/",
            "permissions_boundary": "",
            "tags": {
              "DeployedBy": "Terraform",
              "Origin": "cloud-1"
            },
            "tags_all": {
              "DeployedBy": "Terraform",
              "Origin": "cloud-1"
            },
            "unique_id": "AROA3AT2RHOXVF6ODFAOW"
          },
          "sensitive_attributes": [],
          "private": "bnVsbA==",
          "dependencies": [
            "data.aws_caller_identity.current",
            "module.aurora.aws_appautoscaling_policy.this",
            "module.aurora.aws_appautoscaling_target.this",
            "module.aurora.aws_cloudwatch_log_group.this",
            "module.aurora.aws_db_parameter_group.this",
            "module.aurora.aws_db_subnet_group.this",
            "module.aurora.aws_iam_role.rds_enhanced_monitoring",
            "module.aurora.aws_iam_role_policy_attachment.rds_enhanced_monitoring",
            "module.aurora.aws_rds_cluster.this",
            "module.aurora.aws_rds_cluster_activity_stream.this",
            "module.aurora.aws_rds_cluster_endpoint.this",
            "module.aurora.aws_rds_cluster_instance.this",
            "module.aurora.aws_rds_cluster_parameter_group.this",
            "module.aurora.aws_rds_cluster_role_association.this",
            "module.aurora.aws_secretsmanager_secret_rotation.this",
            "module.aurora.aws_security_group.this",
            "module.aurora.aws_security_group_rule.this",
            "module.aurora.data.aws_iam_policy_document.monitoring_rds_assume_role",
            "module.aurora.data.aws_partition.current",
            "module.autoscaling.data.aws_iam_policy_document.assume_role_policy",
            "module.autoscaling.data.aws_partition.current",
            "module.autoscaling_sg.aws_security_group.this",
            "module.autoscaling_sg.aws_security_group.this_name_prefix",
            "module.efs.aws_efs_access_point.this",
            "module.efs.aws_efs_backup_policy.this",
            "module.efs.aws_efs_file_system.this",
            "module.efs.aws_efs_file_system_policy.this",
            "module.efs.aws_efs_mount_target.this",
            "module.efs.aws_efs_replication_configuration.this",
            "module.efs.aws_security_group.this",
            "module.efs.aws_security_group_rule.this",
            "module.efs.data.aws_iam_policy_document.policy",
            "module.elasticache.aws_cloudwatch_log_group.this",
            "module.elasticache.aws_elasticache_cluster.this",
            "module.elasticache.aws_elasticache_global_replication_group.this",
            "module.elasticache.aws_elasticache_parameter_group.this",
            "module.elasticache.aws_elasticache_replication_group.global",
            "module.elasticache.aws_elasticache_replication_group.this",
            "module.elasticache.aws_elasticache_subnet_group.this",
            "module.elasticache.aws_security_group.this",
            "module.elasticache.aws_vpc_security_group_egress_rule.this",
            "module.elasticache.aws_vpc_security_group_ingress_rule.this",
            "module.elasticache.random_id.this",
            "module.kms.aws_kms_external_key.this",
            "module.kms.aws_kms_key.this",
            "module.kms.aws_kms_replica_external_key.this",
            "module.kms.aws_kms_replica_key.this",
            "module.kms.data.aws_caller_identity.current",
            "module.kms.data.aws_iam_policy_document.this",
            "module.kms.data.aws_partition.current",
            "module.vpc.aws_db_subnet_group.database",
            "module.vpc.aws_subnet.database",
            "module.vpc.aws_subnet.private",
            "module.vpc.aws_vpc.this",
            "module.vpc.aws_vpc_ipv4_cidr_block_association.this"
          ],
          "create_before_destroy": true
        }
      ]
    },
    {
      "module": "module.autoscaling",
      "mode": "managed",
      "type": "aws_iam_role_policy_attachment",
      "name": "this",
      "provider": "provider[\"registry.terraform.io/hashicorp/aws\"].default",
      "instances": [
        {
          "index_key": "AmazonSSMManagedInstanceCore",
          "schema_version": 0,
          "attributes": {
            "id": "asg-profile-cloud-1-2024121315133490840000000b-2024121315133594300000000d",
            "policy_arn": "arn:aws:iam::aws:policy/AmazonSSMManagedInstanceCore",
            "role": "asg-profile-cloud-1-2024121315133490840000000b"
          },
          "sensitive_attributes": [],
          "private": "bnVsbA==",
          "dependencies": [
            "aws_iam_policy.asg-policy",
            "data.aws_caller_identity.current",
            "module.aurora.aws_appautoscaling_policy.this",
            "module.aurora.aws_appautoscaling_target.this",
            "module.aurora.aws_cloudwatch_log_group.this",
            "module.aurora.aws_db_parameter_group.this",
            "module.aurora.aws_db_subnet_group.this",
            "module.aurora.aws_iam_role.rds_enhanced_monitoring",
            "module.aurora.aws_iam_role_policy_attachment.rds_enhanced_monitoring",
            "module.aurora.aws_rds_cluster.this",
            "module.aurora.aws_rds_cluster_activity_stream.this",
            "module.aurora.aws_rds_cluster_endpoint.this",
            "module.aurora.aws_rds_cluster_instance.this",
            "module.aurora.aws_rds_cluster_parameter_group.this",
            "module.aurora.aws_rds_cluster_role_association.this",
            "module.aurora.aws_secretsmanager_secret_rotation.this",
            "module.aurora.aws_security_group.this",
            "module.aurora.aws_security_group_rule.this",
            "module.aurora.data.aws_iam_policy_document.monitoring_rds_assume_role",
            "module.aurora.data.aws_partition.current",
            "module.autoscaling.aws_iam_role.this",
            "module.autoscaling.data.aws_iam_policy_document.assume_role_policy",
            "module.autoscaling.data.aws_partition.current",
            "module.autoscaling_sg.aws_security_group.this",
            "module.autoscaling_sg.aws_security_group.this_name_prefix",
            "module.efs.aws_efs_access_point.this",
            "module.efs.aws_efs_backup_policy.this",
            "module.efs.aws_efs_file_system.this",
            "module.efs.aws_efs_file_system_policy.this",
            "module.efs.aws_efs_mount_target.this",
            "module.efs.aws_efs_replication_configuration.this",
            "module.efs.aws_security_group.this",
            "module.efs.aws_security_group_rule.this",
            "module.efs.data.aws_iam_policy_document.policy",
            "module.elasticache.aws_cloudwatch_log_group.this",
            "module.elasticache.aws_elasticache_cluster.this",
            "module.elasticache.aws_elasticache_global_replication_group.this",
            "module.elasticache.aws_elasticache_parameter_group.this",
            "module.elasticache.aws_elasticache_replication_group.global",
            "module.elasticache.aws_elasticache_replication_group.this",
            "module.elasticache.aws_elasticache_subnet_group.this",
            "module.elasticache.aws_security_group.this",
            "module.elasticache.aws_vpc_security_group_egress_rule.this",
            "module.elasticache.aws_vpc_security_group_ingress_rule.this",
            "module.elasticache.random_id.this",
            "module.kms.aws_kms_external_key.this",
            "module.kms.aws_kms_key.this",
            "module.kms.aws_kms_replica_external_key.this",
            "module.kms.aws_kms_replica_key.this",
            "module.kms.data.aws_caller_identity.current",
            "module.kms.data.aws_iam_policy_document.this",
            "module.kms.data.aws_partition.current",
            "module.vpc.aws_db_subnet_group.database",
            "module.vpc.aws_subnet.database",
            "module.vpc.aws_subnet.private",
            "module.vpc.aws_vpc.this",
            "module.vpc.aws_vpc_ipv4_cidr_block_association.this"
          ]
        },
        {
          "index_key": "Secret",
          "schema_version": 0,
          "attributes": {
            "id": "asg-profile-cloud-1-2024121315133490840000000b-2024121315133610570000000e",
            "policy_arn": "arn:aws:iam::757244967855:policy/AllowAuroraSecretAccess",
            "role": "asg-profile-cloud-1-2024121315133490840000000b"
          },
          "sensitive_attributes": [],
          "private": "bnVsbA==",
          "dependencies": [
            "aws_iam_policy.asg-policy",
            "data.aws_caller_identity.current",
            "module.aurora.aws_appautoscaling_policy.this",
            "module.aurora.aws_appautoscaling_target.this",
            "module.aurora.aws_cloudwatch_log_group.this",
            "module.aurora.aws_db_parameter_group.this",
            "module.aurora.aws_db_subnet_group.this",
            "module.aurora.aws_iam_role.rds_enhanced_monitoring",
            "module.aurora.aws_iam_role_policy_attachment.rds_enhanced_monitoring",
            "module.aurora.aws_rds_cluster.this",
            "module.aurora.aws_rds_cluster_activity_stream.this",
            "module.aurora.aws_rds_cluster_endpoint.this",
            "module.aurora.aws_rds_cluster_instance.this",
            "module.aurora.aws_rds_cluster_parameter_group.this",
            "module.aurora.aws_rds_cluster_role_association.this",
            "module.aurora.aws_secretsmanager_secret_rotation.this",
            "module.aurora.aws_security_group.this",
            "module.aurora.aws_security_group_rule.this",
            "module.aurora.data.aws_iam_policy_document.monitoring_rds_assume_role",
            "module.aurora.data.aws_partition.current",
            "module.autoscaling.aws_iam_role.this",
            "module.autoscaling.data.aws_iam_policy_document.assume_role_policy",
            "module.autoscaling.data.aws_partition.current",
            "module.autoscaling_sg.aws_security_group.this",
            "module.autoscaling_sg.aws_security_group.this_name_prefix",
            "module.efs.aws_efs_access_point.this",
            "module.efs.aws_efs_backup_policy.this",
            "module.efs.aws_efs_file_system.this",
            "module.efs.aws_efs_file_system_policy.this",
            "module.efs.aws_efs_mount_target.this",
            "module.efs.aws_efs_replication_configuration.this",
            "module.efs.aws_security_group.this",
            "module.efs.aws_security_group_rule.this",
            "module.efs.data.aws_iam_policy_document.policy",
            "module.elasticache.aws_cloudwatch_log_group.this",
            "module.elasticache.aws_elasticache_cluster.this",
            "module.elasticache.aws_elasticache_global_replication_group.this",
            "module.elasticache.aws_elasticache_parameter_group.this",
            "module.elasticache.aws_elasticache_replication_group.global",
            "module.elasticache.aws_elasticache_replication_group.this",
            "module.elasticache.aws_elasticache_subnet_group.this",
            "module.elasticache.aws_security_group.this",
            "module.elasticache.aws_vpc_security_group_egress_rule.this",
            "module.elasticache.aws_vpc_security_group_ingress_rule.this",
            "module.elasticache.random_id.this",
            "module.kms.aws_kms_external_key.this",
            "module.kms.aws_kms_key.this",
            "module.kms.aws_kms_replica_external_key.this",
            "module.kms.aws_kms_replica_key.this",
            "module.kms.data.aws_caller_identity.current",
            "module.kms.data.aws_iam_policy_document.this",
            "module.kms.data.aws_partition.current",
            "module.vpc.aws_db_subnet_group.database",
            "module.vpc.aws_subnet.database",
            "module.vpc.aws_subnet.private",
            "module.vpc.aws_vpc.this",
            "module.vpc.aws_vpc_ipv4_cidr_block_association.this"
          ]
        }
      ]
    },
    {
      "module": "module.autoscaling",
      "mode": "managed",
      "type": "aws_launch_template",
      "name": "this",
      "provider": "provider[\"registry.terraform.io/hashicorp/aws\"].default",
      "instances": [
        {
          "index_key": 0,
          "schema_version": 0,
          "attributes": {
            "arn": "arn:aws:ec2:eu-west-3:757244967855:launch-template/lt-0ddc7ffc92add126b",
            "block_device_mappings": [
              {
                "device_name": "/dev/xvda",
                "ebs": [
                  {
                    "delete_on_termination": "true",
                    "encrypted": "true",
                    "iops": 0,
                    "kms_key_id": "",
                    "snapshot_id": "",
                    "throughput": 0,
                    "volume_size": 30,
                    "volume_type": "gp3"
                  }
                ],
                "no_device": "0",
                "virtual_name": ""
              }
            ],
            "capacity_reservation_specification": [],
            "cpu_options": [],
            "credit_specification": [],
            "default_version": 1,
            "description": "Launch template for cloud-1 instances",
            "disable_api_stop": false,
            "disable_api_termination": false,
            "ebs_optimized": "",
            "elastic_gpu_specifications": [],
            "elastic_inference_accelerator": [],
            "enclave_options": [],
            "hibernation_options": [],
            "iam_instance_profile": [
              {
                "arn": "arn:aws:iam::757244967855:instance-profile/iam-cloud-1-2024121315133578300000000c",
                "name": ""
              }
            ],
            "id": "lt-0ddc7ffc92add126b",
            "image_id": "ami-0d3f86bfba5ee6472",
            "instance_initiated_shutdown_behavior": "",
            "instance_market_options": [],
            "instance_requirements": [],
            "instance_type": "t2.micro",
            "kernel_id": "",
            "key_name": "",
            "latest_version": 1,
            "license_specification": [],
            "maintenance_options": [],
            "metadata_options": [],
            "monitoring": [
              {
                "enabled": true
              }
            ],
            "name": "template-cloud-1-2024121315134246950000000f",
            "name_prefix": "template-cloud-1-",
            "network_interfaces": [],
            "placement": [],
            "private_dns_name_options": [],
            "ram_disk_id": "",
            "security_group_names": null,
            "tag_specifications": [],
            "tags": {
              "DeployedBy": "Terraform",
              "Origin": "cloud-1"
            },
            "tags_all": {
              "DeployedBy": "Terraform",
              "Origin": "cloud-1"
            },
            "update_default_version": null,
            "user_data": "IyEvYmluL2Jhc2gKIyBodHRwczovL3NlcnZlcmZhdWx0LmNvbS9xdWVzdGlvbnMvMTEyMDQyNy9ob3ctZG8taS1pbnN0YWxsLXBocC1tZW1jYWNoZWQtZm9yLXBocC04LXgtb24tYW1hem9uLWxpbnV4LTItYWFyY2g2NAoKc2V0IC14ZQoKIyBVcGRhdGUgdGhlIHN5c3RlbSBhbmQgaW5zdGFsbCBORlMgdXRpbGl0aWVzCnl1bSB1cGRhdGUgLXkKCnN1ZG8gc3UgLSByb290Cgp5dW0gaW5zdGFsbCAtcSAteSBqcQp5dW0gaW5zdGFsbCAteSBhbWF6b24tZWZzLXV0aWxzCgpta2RpciAtcCAvdmFyL3d3dy93b3JkcHJlc3MKZWZzX2lkPSJmcy0wNmU2OGY4ZGI5MmI4YWE4OSIKbW91bnQgLXQgZWZzIC1vIHRscyAkZWZzX2lkOi8gL3Zhci93d3cvd29yZHByZXNzCmVjaG8gJGVmc19pZDovIC9lZnMgZWZzIGRlZmF1bHRzLF9uZXRkZXYgMCAwID4+L2V0Yy9mc3RhYgoKeXVtIGNsZWFuIGFsbAphbWF6b24tbGludXgtZXh0cmFzIGVuYWJsZSBwaHA4LjEKeXVtIGNsZWFuIG1ldGFkYXRhCnl1bSBpbnN0YWxsIC1xIC15IHBocC1jbGkgcGhwLWZwbSBwaHAtb3BjYWNoZSBwaHAtY29tbW9uIHBocC1teXNxbGkKeXVtIGluc3RhbGwgLXkgZ2NjIG1ha2UgcGhwIHBocC1wZWFyIHBocC1kZXZlbCBsaWJtZW1jYWNoZWQgbGlibWVtY2FjaGVkLWRldmVsIHpsaWItZGV2ZWwgbWVtY2FjaGVkCgppZiBbICEgLWYgL3Vzci9saWI2NC9waHAvbW9kdWxlcy9hbWF6b24tZWxhc3RpY2FjaGUtY2x1c3Rlci1jbGllbnQuc28gXTsgdGhlbgogIHdnZXQgLVAgL3RtcC8gaHR0cHM6Ly9lbGFzdGljYWNoZS1kb3dubG9hZHMuczMuYW1hem9uYXdzLmNvbS9DbHVzdGVyQ2xpZW50L1BIUC04LjEvbGF0ZXN0LTY0Yml0LVg4Ni1vcGVuc3NsMS4xCiAgdGFyIC14ZiAvdG1wL2xhdGVzdC02NGJpdC1YODYtb3BlbnNzbDEuMSAtQyAvdG1wCiAgY3AgL3RtcC9hbWF6b24tZWxhc3RpY2FjaGUtY2x1c3Rlci1jbGllbnQuc28gL3Vzci9saWI2NC9waHAvbW9kdWxlcy9hbWF6b24tZWxhc3RpY2FjaGUtY2x1c3Rlci1jbGllbnQuc28KICBwZWNsIGluc3RhbGwgaWdiaW5hcnkKZmkKCmlmIFsgISAtZiAvZXRjL3BocC5kLzUwLW1lbWNhY2hlZC5pbmkgXTsgdGhlbgogIHRvdWNoIC9ldGMvcGhwLmQvNTAtbWVtY2FjaGVkLmluaQogIGVjaG8gJ2V4dGVuc2lvbj1pZ2JpbmFyeS5zbzsnID4+L2V0Yy9waHAuZC81MC1tZW1jYWNoZWQuaW5pCiAgZWNobyAnZXh0ZW5zaW9uPWFtYXpvbi1lbGFzdGljYWNoZS1jbHVzdGVyLWNsaWVudC5zbzsnID4+L2V0Yy9waHAuZC81MC1tZW1jYWNoZWQuaW5pCmZpCgpTRUNSRVRBUk49ImFybjphd3M6c2VjcmV0c21hbmFnZXI6ZXUtd2VzdC0zOjc1NzI0NDk2Nzg1NTpzZWNyZXQ6cmRzIWNsdXN0ZXItYjRhZmZhODktYzcwZi00NTVlLWE2MWItY2FlYTlmZTgyZDFmLXZXQ3EzaiIKUEFTU1dPUkQ9JChhd3Mgc2VjcmV0c21hbmFnZXIgZ2V0LXNlY3JldC12YWx1ZSAtLXNlY3JldC1pZCAkU0VDUkVUQVJOIC0tcmVnaW9uIGV1LXdlc3QtMyAtLXF1ZXJ5ICdTZWNyZXRTdHJpbmcnIC0tb3V0cHV0IHRleHQgfCBqcSAtciAnLnBhc3N3b3JkJykKVVNFUk5BTUU9JChhd3Mgc2VjcmV0c21hbmFnZXIgZ2V0LXNlY3JldC12YWx1ZSAtLXNlY3JldC1pZCAkU0VDUkVUQVJOIC0tcmVnaW9uIGV1LXdlc3QtMyAtLXF1ZXJ5ICdTZWNyZXRTdHJpbmcnIC0tb3V0cHV0IHRleHQgfCBqcSAtciAnLnVzZXJuYW1lJykKCmlmIFsgISAtZiAvYmluL3dwL3dwLWNsaS5waGFyIF07IHRoZW4KICBjdXJsIC1vIC9iaW4vd3AtY2xpLnBoYXIgaHR0cHM6Ly9yYXcuZ2l0aHVidXNlcmNvbnRlbnQuY29tL3dwLWNsaS9idWlsZHMvZ2gtcGFnZXMvcGhhci93cC1jbGkucGhhcgogIGNobW9kICt4IC9iaW4vd3AtY2xpLnBoYXIKICAvYmluL3dwLWNsaS5waGFyIC0tdmVyc2lvbiAtLWFsbG93LXJvb3QKZmkKCmlmIFsgISAtZCAvdmFyL3d3dy93b3JkcHJlc3Mvd3AgXTsgdGhlbgogIG1rZGlyIC1wIC92YXIvd3d3L3dvcmRwcmVzcy93cAoKICAjIEluc3RhbGwgV29yZFByZXNzIGlmIG5vdCBpbnN0YWxsZWQKICAjIFVzZSBwdWJsaWMgQUxCIGhvc3QgbmFtZSBpZiBXUCBkb21haW4gbmFtZSBpcyBlbXB0eQogIGlmICEgJCh3cCBjb3JlIGlzLWluc3RhbGxlZCAtLXBhdGg9L3Zhci93d3cvd29yZHByZXNzL3dwIC0tYWxsb3ctcm9vdCk7IHRoZW4KICAgIHBocCAtZCBtZW1vcnlfbGltaXQ9LTEgL2Jpbi93cC1jbGkucGhhciBjb3JlIGRvd25sb2FkIC0tcGF0aD0vdmFyL3d3dy93b3JkcHJlc3Mvd3AgLS12ZXJzaW9uPSdsYXRlc3QnIC0tbG9jYWxlPSdlbl9VUycgLS1hbGxvdy1yb290CiAgICAvYmluL3dwLWNsaS5waGFyIGNvcmUgY29uZmlnIC0tcGF0aD0vdmFyL3d3dy93b3JkcHJlc3Mvd3AgLS1kYm5hbWU9J3dvcmRwcmVzcycgLS1kYnVzZXI9IiRVU0VSTkFNRSIgLS1kYnBhc3M9IiRQQVNTV09SRCIgLS1kYmhvc3Q9J2F1cm9yYS1jbHVzdGVyLWNsb3VkLTEtbXlzcWx2Mi5jbHVzdGVyLWMzbXUyc2dpc2M3eC5ldS13ZXN0LTMucmRzLmFtYXpvbmF3cy5jb20nIC0tZGJwcmVmaXg9d3BfIC0tYWxsb3ctcm9vdAogICAgL2Jpbi93cC1jbGkucGhhciBjb3JlIGluc3RhbGwgLS1wYXRoPS92YXIvd3d3L3dvcmRwcmVzcy93cCAtLXVybD0nZDFtNG16eXA2cWl0emQuY2xvdWRmcm9udC5uZXQnIC0tdGl0bGU9J2Nsb3VkLTEnIC0tYWRtaW5fdXNlcj0nYWRtaW4nIC0tYWRtaW5fcGFzc3dvcmQ9J1RoaXNJc015UGFzc3dvcmQxMjM0IScgLS1hZG1pbl9lbWFpbD0nbWF0aGlhcy5tcnNuQGdtYWlsLmNvbScgLS1za2lwLWVtYWlsIC0tYWxsb3ctcm9vdAogICAgL2Jpbi93cC1jbGkucGhhciBwbHVnaW4gaW5zdGFsbCAtLXBhdGg9L3Zhci93d3cvd29yZHByZXNzL3dwIHczLXRvdGFsLWNhY2hlIC0tYWxsb3ctcm9vdAogICAgL2Jpbi93cC1jbGkucGhhciBwbHVnaW4gYWN0aXZhdGUgLS1wYXRoPS92YXIvd3d3L3dvcmRwcmVzcy93cCB3My10b3RhbC1jYWNoZSAtLWFsbG93LXJvb3QKCiAgICBzZWQgLWkgIi9cJHRhYmxlX3ByZWZpeCA9ICd3cF8nOy8gYSBcJF9TRVJWRVJbJ0hUVFBTJ10gPSAnb24nOyIgL3Zhci93d3cvd29yZHByZXNzL3dwL3dwLWNvbmZpZy5waHAKICAgIHNlZCAtaSAiL1wkdGFibGVfcHJlZml4ID0gJ3dwXyc7LyBhIFxcZGVmaW5lKCdXUF9DQUNIRScsIHRydWUpOyIgL3Zhci93d3cvd29yZHByZXNzL3dwL3dwLWNvbmZpZy5waHAKCiAgICBjcCAvdmFyL3d3dy93b3JkcHJlc3Mvd3Avd3AtY29udGVudC9wbHVnaW5zL3czLXRvdGFsLWNhY2hlL3dwLWNvbnRlbnQvYWR2YW5jZWQtY2FjaGUucGhwIC92YXIvd3d3L3dvcmRwcmVzcy93cC93cC1jb250ZW50L2FuY2VkLWNhY2hlLnBocAogICAgbWtkaXIgL3Zhci93d3cvd29yZHByZXNzL3dwL3dwLWNvbnRlbnQvY2FjaGUKICAgIGNobW9kIDc3NyAvdmFyL3d3dy93b3JkcHJlc3Mvd3Avd3AtY29udGVudC9jYWNoZQogICAgbWtkaXIgL3Zhci93d3cvd29yZHByZXNzL3dwL3dwLWNvbnRlbnQvdzN0Yy1jb25maWcKICAgIGNobW9kIDc3NyAvdmFyL3d3dy93b3JkcHJlc3Mvd3Avd3AtY29udGVudC93M3RjLWNvbmZpZwoKICAgIC9iaW4vd3AtY2xpLnBoYXIgdzMtdG90YWwtY2FjaGUgb3B0aW9uIHNldCBkYmNhY2hlLmVuYWJsZWQgdHJ1ZSAtLXR5cGU9Ym9vbGVhbiAtLXBhdGg9L3Zhci93d3cvd29yZHByZXNzL3dwIC0tYWxsb3ctcm9vdAogICAgL2Jpbi93cC1jbGkucGhhciB3My10b3RhbC1jYWNoZSBvcHRpb24gc2V0IGRiY2FjaGUuZW5naW5lIG1lbWNhY2hlZCAtLXR5cGU9c3RyaW5nIC0tcGF0aD0vdmFyL3d3dy93b3JkcHJlc3Mvd3AgLS1hbGxvdy1yb290CiAgICAvYmluL3dwLWNsaS5waGFyIHczLXRvdGFsLWNhY2hlIG9wdGlvbiBzZXQgZGJjYWNoZS5tZW1jYWNoZWQuc2VydmVycyBtZW1jYWNoZS1jbG91ZC0xLmF4bmc2bS5jZmcuZXV3My5jYWNoZS5hbWF6b25hd3MuY29tOjExMjExIC0tdHlwZT1hcnJheSAtLXBhdGg9L3Zhci93d3cvd29yZHByZXNzL3dwIC0tYWxsb3ctcm9vdAogICAgL2Jpbi93cC1jbGkucGhhciB3My10b3RhbC1jYWNoZSBvcHRpb24gc2V0IGRiY2FjaGUubWVtY2FjaGVkLnNlcnZlcnMgbWVtY2FjaGUtY2xvdWQtMS5heG5nNm0uY2ZnLmV1dzMuY2FjaGUuYW1hem9uYXdzLmNvbToxMTIxMSAtLXR5cGU9YXJyYXkgLS1wYXRoPS92YXIvd3d3L3dvcmRwcmVzcy93cCAtLWFsbG93LXJvb3QKICAgIC9iaW4vd3AtY2xpLnBoYXIgdzMtdG90YWwtY2FjaGUgb3B0aW9uIHNldCBicm93c2VyY2FjaGUuZW5hYmxlZCBmYWxzZSAtLXR5cGU9Ym9vbGVhbiAtLXBhdGg9L3Zhci93d3cvd29yZHByZXNzL3dwIC0tYWxsb3ctcm9vdAoKICAgIGlmIFsgISAtZiAvdmFyL3d3dy93b3JkcHJlc3Mvd3Avb3BjYWNoZS1pbnN0YW5jZWlkLnBocCBdOyB0aGVuCiAgICAgIHdnZXQgLVAgL3Zhci93d3cvd29yZHByZXNzL3dwLyBodHRwczovL3MzLmFtYXpvbmF3cy5jb20vYXdzLXJlZmFyY2gvd29yZHByZXNzL2xhdGVzdC9iaXRzL29wY2FjaGUtaW5zdGFuY2VpZC5waHAKICAgIGZpCiAgZmkKZmkKCmFtYXpvbi1saW51eC1leHRyYXMgZW5hYmxlIG5naW54MQp5dW0gaW5zdGFsbCAtcSAteSBuZ2lueAoKbWtkaXIgLXAgL2V0Yy9uZ2lueAoKaWYgWyAhIC1mIC92YXIvd3d3L3dvcmRwcmVzcy93cC9uZ2lueC5jb25mIF07IHRoZW4KICBjYXQgPDwnRU9GJyA+L3Zhci93d3cvd29yZHByZXNzL3dwL25naW54LmNvbmYKZXZlbnRzIHt9CgpodHRwCnsKCWluY2x1ZGUgbWltZS50eXBlczsKCiAgICBzZXJ2ZXIKICAgIHsKICAgICAgICBsaXN0ZW4gODA7CiAgICAgICAgc2VydmVyX25hbWUgbWFtYXVyYWkuNDIuZnI7CgogICAgICAgIGluZGV4IGluZGV4LnBocDsKICAgICAgICByb290IC92YXIvd3d3L3dvcmRwcmVzcy93cDsKCiAgICAgICAgbG9jYXRpb24gLyB7CiAgICAgICAgICAgICAgICB0cnlfZmlsZXMgJHVyaSAkdXJpLyAvaW5kZXgucGhwPyRxdWVyeV9zdHJpbmc7CiAgICAgICAgfQoKICAgICAgICBsb2NhdGlvbiB+IFwucGhwJCB7CiAgICAgICAgICAgIHJvb3QgICAgL3Zhci93d3cvd29yZHByZXNzL3dwOwogICAgICAgICAgICBpbmRleCAgaW5kZXguaHRtbCBpbmRleC5odG0gaW5kZXgucGhwOwoKICAgICAgICAgICAgdHJ5X2ZpbGVzICR1cmkgPTQwNDsKICAgICAgICAgICAgZmFzdGNnaV9zcGxpdF9wYXRoX2luZm8gXiguK1wucGhwKSgvLispJDsKICAgICAgICAgICAgZmFzdGNnaV9wYXNzIHVuaXg6L3Zhci9ydW4vcGhwLWZwbS93d3cuc29jazsKICAgICAgICAgICAgZmFzdGNnaV9pbmRleCBpbmRleC5waHA7CiAgICAgICAgICAgIGluY2x1ZGUgZmFzdGNnaV9wYXJhbXM7CiAgICAgICAgICAgIGZhc3RjZ2lfcGFyYW0gU0NSSVBUX0ZJTEVOQU1FICRkb2N1bWVudF9yb290JGZhc3RjZ2lfc2NyaXB0X25hbWU7CiAgICAgICAgICAgIGZhc3RjZ2lfcGFyYW0gUEFUSF9JTkZPICRmYXN0Y2dpX3BhdGhfaW5mbzsKICAgICAgICB9IAogICAgfQp9CkVPRgpmaQoKbG4gLXNmIC92YXIvd3d3L3dvcmRwcmVzcy93cC9uZ2lueC5jb25mIC9ldGMvbmdpbngvbmdpbnguY29uZgoKc3lzdGVtY3RsIHN0YXJ0IG5naW54LnNlcnZpY2UK",
            "vpc_security_group_ids": [
              "sg-0fbbd9af2b0906c3c"
            ]
          },
          "sensitive_attributes": [],
          "private": "bnVsbA==",
          "dependencies": [
            "data.aws_caller_identity.current",
            "data.aws_route53_zone.current",
            "module.acm.aws_acm_certificate.this",
            "module.acm.aws_acm_certificate_validation.this",
            "module.acm.aws_route53_record.validation",
            "module.alb.aws_lb.this",
            "module.alb.aws_security_group.this",
            "module.aurora.aws_appautoscaling_policy.this",
            "module.aurora.aws_appautoscaling_target.this",
            "module.aurora.aws_cloudwatch_log_group.this",
            "module.aurora.aws_db_parameter_group.this",
            "module.aurora.aws_db_subnet_group.this",
            "module.aurora.aws_iam_role.rds_enhanced_monitoring",
            "module.aurora.aws_iam_role_policy_attachment.rds_enhanced_monitoring",
            "module.aurora.aws_rds_cluster.this",
            "module.aurora.aws_rds_cluster_activity_stream.this",
            "module.aurora.aws_rds_cluster_endpoint.this",
            "module.aurora.aws_rds_cluster_instance.this",
            "module.aurora.aws_rds_cluster_parameter_group.this",
            "module.aurora.aws_rds_cluster_role_association.this",
            "module.aurora.aws_secretsmanager_secret_rotation.this",
            "module.aurora.aws_security_group.this",
            "module.aurora.aws_security_group_rule.this",
            "module.aurora.data.aws_iam_policy_document.monitoring_rds_assume_role",
            "module.aurora.data.aws_partition.current",
            "module.autoscaling.aws_iam_instance_profile.this",
            "module.autoscaling.aws_iam_role.this",
            "module.autoscaling.data.aws_iam_policy_document.assume_role_policy",
            "module.autoscaling.data.aws_partition.current",
            "module.autoscaling_sg.aws_security_group.this",
            "module.autoscaling_sg.aws_security_group.this_name_prefix",
            "module.cloudfront.aws_cloudfront_distribution.this",
            "module.cloudfront.aws_cloudfront_origin_access_control.this",
            "module.cloudfront.aws_cloudfront_origin_access_identity.this",
            "module.efs.aws_efs_access_point.this",
            "module.efs.aws_efs_backup_policy.this",
            "module.efs.aws_efs_file_system.this",
            "module.efs.aws_efs_file_system_policy.this",
            "module.efs.aws_efs_mount_target.this",
            "module.efs.aws_efs_replication_configuration.this",
            "module.efs.aws_security_group.this",
            "module.efs.aws_security_group_rule.this",
            "module.efs.data.aws_iam_policy_document.policy",
            "module.elasticache.aws_cloudwatch_log_group.this",
            "module.elasticache.aws_elasticache_cluster.this",
            "module.elasticache.aws_elasticache_global_replication_group.this",
            "module.elasticache.aws_elasticache_parameter_group.this",
            "module.elasticache.aws_elasticache_replication_group.global",
            "module.elasticache.aws_elasticache_replication_group.this",
            "module.elasticache.aws_elasticache_subnet_group.this",
            "module.elasticache.aws_security_group.this",
            "module.elasticache.aws_vpc_security_group_egress_rule.this",
            "module.elasticache.aws_vpc_security_group_ingress_rule.this",
            "module.elasticache.random_id.this",
            "module.kms.aws_kms_external_key.this",
            "module.kms.aws_kms_key.this",
            "module.kms.aws_kms_replica_external_key.this",
            "module.kms.aws_kms_replica_key.this",
            "module.kms.data.aws_caller_identity.current",
            "module.kms.data.aws_iam_policy_document.this",
            "module.kms.data.aws_partition.current",
            "module.vpc.aws_db_subnet_group.database",
            "module.vpc.aws_subnet.database",
            "module.vpc.aws_subnet.private",
            "module.vpc.aws_subnet.public",
            "module.vpc.aws_vpc.this",
            "module.vpc.aws_vpc_ipv4_cidr_block_association.this"
          ],
          "create_before_destroy": true
        }
      ]
    },
    {
      "module": "module.autoscaling_sg",
      "mode": "managed",
      "type": "aws_security_group",
      "name": "this_name_prefix",
      "provider": "provider[\"registry.terraform.io/hashicorp/aws\"].default",
      "instances": [
        {
          "index_key": 0,
          "schema_version": 1,
          "attributes": {
            "arn": "arn:aws:ec2:eu-west-3:757244967855:security-group/sg-0fbbd9af2b0906c3c",
            "description": "Autoscaling group security group",
            "egress": [],
            "id": "sg-0fbbd9af2b0906c3c",
            "ingress": [],
            "name": "asg-sg-cloud-1-20241213150040874700000004",
            "name_prefix": "asg-sg-cloud-1-",
            "owner_id": "757244967855",
            "revoke_rules_on_delete": false,
            "tags": {
              "DeployedBy": "Terraform",
              "Name": "asg-sg-cloud-1",
              "Origin": "cloud-1"
            },
            "tags_all": {
              "DeployedBy": "Terraform",
              "Name": "asg-sg-cloud-1",
              "Origin": "cloud-1"
            },
            "timeouts": {
              "create": "10m",
              "delete": "15m"
            },
            "vpc_id": "vpc-0d8cc78a8cfc3e195"
          },
          "sensitive_attributes": [],
          "private": "eyJlMmJmYjczMC1lY2FhLTExZTYtOGY4OC0zNDM2M2JjN2M0YzAiOnsiY3JlYXRlIjo2MDAwMDAwMDAwMDAsImRlbGV0ZSI6OTAwMDAwMDAwMDAwfSwic2NoZW1hX3ZlcnNpb24iOiIxIn0=",
          "dependencies": [
            "module.vpc.aws_vpc.this"
          ],
          "create_before_destroy": true
        }
      ]
    },
    {
      "module": "module.autoscaling_sg",
      "mode": "managed",
      "type": "aws_security_group_rule",
      "name": "egress_rules",
      "provider": "provider[\"registry.terraform.io/hashicorp/aws\"].default",
      "instances": [
        {
          "index_key": 0,
          "schema_version": 2,
          "attributes": {
            "cidr_blocks": [
              "0.0.0.0/0"
            ],
            "description": "All protocols",
            "from_port": -1,
            "id": "sgrule-3301442644",
            "ipv6_cidr_blocks": [
              "::/0"
            ],
            "prefix_list_ids": [],
            "protocol": "-1",
            "security_group_id": "sg-0fbbd9af2b0906c3c",
            "security_group_rule_id": "",
            "self": false,
            "source_security_group_id": null,
            "timeouts": null,
            "to_port": -1,
            "type": "egress"
          },
          "sensitive_attributes": [],
          "private": "eyJlMmJmYjczMC1lY2FhLTExZTYtOGY4OC0zNDM2M2JjN2M0YzAiOnsiY3JlYXRlIjozMDAwMDAwMDAwMDB9LCJzY2hlbWFfdmVyc2lvbiI6IjIifQ==",
          "dependencies": [
            "module.autoscaling_sg.aws_security_group.this",
            "module.autoscaling_sg.aws_security_group.this_name_prefix",
            "module.vpc.aws_vpc.this"
          ]
        }
      ]
    },
    {
      "module": "module.autoscaling_sg",
      "mode": "managed",
      "type": "aws_security_group_rule",
      "name": "ingress_with_source_security_group_id",
      "provider": "provider[\"registry.terraform.io/hashicorp/aws\"].default",
      "instances": [
        {
          "index_key": 0,
          "schema_version": 2,
          "attributes": {
            "cidr_blocks": null,
            "description": "Allow access for HTTP connection",
            "from_port": 80,
            "id": "sgrule-2327057698",
            "ipv6_cidr_blocks": null,
            "prefix_list_ids": [],
            "protocol": "tcp",
            "security_group_id": "sg-0fbbd9af2b0906c3c",
            "security_group_rule_id": "sgr-0fdd389f65f76c2da",
            "self": false,
            "source_security_group_id": "sg-058bd8725b44aa8c3",
            "timeouts": null,
            "to_port": 80,
            "type": "ingress"
          },
          "sensitive_attributes": [],
          "private": "eyJlMmJmYjczMC1lY2FhLTExZTYtOGY4OC0zNDM2M2JjN2M0YzAiOnsiY3JlYXRlIjozMDAwMDAwMDAwMDB9LCJzY2hlbWFfdmVyc2lvbiI6IjIifQ==",
          "dependencies": [
            "module.alb.aws_security_group.this",
            "module.autoscaling_sg.aws_security_group.this",
            "module.autoscaling_sg.aws_security_group.this_name_prefix",
            "module.vpc.aws_vpc.this"
          ]
        }
      ]
    },
    {
      "module": "module.cloudfront",
      "mode": "managed",
      "type": "aws_cloudfront_distribution",
      "name": "this",
      "provider": "provider[\"registry.terraform.io/hashicorp/aws\"]",
      "instances": [
        {
          "index_key": 0,
          "schema_version": 1,
          "attributes": {
            "aliases": null,
            "arn": "arn:aws:cloudfront::757244967855:distribution/EFUJMO613U24C",
            "caller_reference": "terraform-20241213150354309900000001",
            "comment": "Cloudfront for",
            "continuous_deployment_policy_id": "",
            "custom_error_response": [],
            "default_cache_behavior": [
              {
                "allowed_methods": [
                  "DELETE",
                  "GET",
                  "HEAD",
                  "OPTIONS",
                  "PATCH",
                  "POST",
                  "PUT"
                ],
                "cache_policy_id": "",
                "cached_methods": [
                  "GET",
                  "HEAD"
                ],
                "compress": true,
                "default_ttl": 0,
                "field_level_encryption_id": "",
                "forwarded_values": [
                  {
                    "cookies": [
                      {
                        "forward": "all",
                        "whitelisted_names": []
                      }
                    ],
                    "headers": [
                      "Host"
                    ],
                    "query_string": true,
                    "query_string_cache_keys": []
                  }
                ],
                "function_association": [],
                "lambda_function_association": [],
                "max_ttl": 0,
                "min_ttl": 0,
                "origin_request_policy_id": "",
                "realtime_log_config_arn": "",
                "response_headers_policy_id": "",
                "smooth_streaming": false,
                "target_origin_id": "arn:aws:elasticloadbalancing:eu-west-3:757244967855:loadbalancer/app/alb-cloud-1/91700d1502287f4e",
                "trusted_key_groups": [],
                "trusted_signers": [],
                "viewer_protocol_policy": "redirect-to-https"
              }
            ],
            "default_root_object": "",
            "domain_name": "d1m4mzyp6qitzd.cloudfront.net",
            "enabled": true,
            "etag": "E3FXZPH9UTWYES",
            "hosted_zone_id": "Z2FDTNDATAQYW2",
            "http_version": "http3",
            "id": "EFUJMO613U24C",
            "in_progress_validation_batches": 0,
            "is_ipv6_enabled": false,
            "last_modified_time": "2024-12-13 15:03:54.892 +0000 UTC",
            "logging_config": [],
            "ordered_cache_behavior": [
              {
                "allowed_methods": [
                  "GET",
                  "HEAD",
                  "OPTIONS"
                ],
                "cache_policy_id": "",
                "cached_methods": [
                  "GET",
                  "HEAD"
                ],
                "compress": true,
                "default_ttl": 900,
                "field_level_encryption_id": "",
                "forwarded_values": [
                  {
                    "cookies": [
                      {
                        "forward": "none",
                        "whitelisted_names": null
                      }
                    ],
                    "headers": [
                      "Host"
                    ],
                    "query_string": true,
                    "query_string_cache_keys": []
                  }
                ],
                "function_association": [],
                "lambda_function_association": [],
                "max_ttl": 900,
                "min_ttl": 900,
                "origin_request_policy_id": "",
                "path_pattern": "wp-includes/*",
                "realtime_log_config_arn": "",
                "response_headers_policy_id": "",
                "smooth_streaming": false,
                "target_origin_id": "arn:aws:elasticloadbalancing:eu-west-3:757244967855:loadbalancer/app/alb-cloud-1/91700d1502287f4e",
                "trusted_key_groups": null,
                "trusted_signers": null,
                "viewer_protocol_policy": "redirect-to-https"
              },
              {
                "allowed_methods": [
                  "GET",
                  "HEAD",
                  "OPTIONS"
                ],
                "cache_policy_id": "",
                "cached_methods": [
                  "GET",
                  "HEAD"
                ],
                "compress": true,
                "default_ttl": 900,
                "field_level_encryption_id": "",
                "forwarded_values": [
                  {
                    "cookies": [
                      {
                        "forward": "none",
                        "whitelisted_names": null
                      }
                    ],
                    "headers": [
                      "Host"
                    ],
                    "query_string": true,
                    "query_string_cache_keys": []
                  }
                ],
                "function_association": [],
                "lambda_function_association": [],
                "max_ttl": 900,
                "min_ttl": 900,
                "origin_request_policy_id": "",
                "path_pattern": "wp-content/*",
                "realtime_log_config_arn": "",
                "response_headers_policy_id": "",
                "smooth_streaming": false,
                "target_origin_id": "arn:aws:elasticloadbalancing:eu-west-3:757244967855:loadbalancer/app/alb-cloud-1/91700d1502287f4e",
                "trusted_key_groups": null,
                "trusted_signers": null,
                "viewer_protocol_policy": "redirect-to-https"
              }
            ],
            "origin": [
              {
                "connection_attempts": 3,
                "connection_timeout": 10,
                "custom_header": [],
                "custom_origin_config": [
                  {
                    "http_port": 80,
                    "https_port": 443,
                    "origin_keepalive_timeout": 5,
                    "origin_protocol_policy": "http-only",
                    "origin_read_timeout": 30,
                    "origin_ssl_protocols": [
                      "TLSv1.2"
                    ]
                  }
                ],
                "domain_name": "alb-cloud-1-252126303.eu-west-3.elb.amazonaws.com",
                "origin_access_control_id": "",
                "origin_id": "arn:aws:elasticloadbalancing:eu-west-3:757244967855:loadbalancer/app/alb-cloud-1/91700d1502287f4e",
                "origin_path": "",
                "origin_shield": [],
                "s3_origin_config": []
              }
            ],
            "origin_group": [],
            "price_class": "PriceClass_100",
            "restrictions": [
              {
                "geo_restriction": [
                  {
                    "locations": [],
                    "restriction_type": "none"
                  }
                ]
              }
            ],
            "retain_on_delete": false,
            "staging": false,
            "status": "Deployed",
            "tags": {
              "DeployedBy": "Terraform",
              "Origin": "cloud-1"
            },
            "tags_all": {
              "DeployedBy": "Terraform",
              "Origin": "cloud-1"
            },
            "trusted_key_groups": [
              {
                "enabled": false,
                "items": []
              }
            ],
            "trusted_signers": [
              {
                "enabled": false,
                "items": []
              }
            ],
            "viewer_certificate": [
              {
                "acm_certificate_arn": "",
                "cloudfront_default_certificate": true,
                "iam_certificate_id": "",
                "minimum_protocol_version": "TLSv1",
                "ssl_support_method": ""
              }
            ],
            "wait_for_deployment": true,
            "web_acl_id": ""
          },
          "sensitive_attributes": [],
          "private": "eyJzY2hlbWFfdmVyc2lvbiI6IjEifQ==",
          "dependencies": [
            "data.aws_route53_zone.current",
            "module.acm.aws_acm_certificate.this",
            "module.acm.aws_acm_certificate_validation.this",
            "module.acm.aws_route53_record.validation",
            "module.alb.aws_lb.this",
            "module.alb.aws_security_group.this",
            "module.cloudfront.aws_cloudfront_origin_access_control.this",
            "module.cloudfront.aws_cloudfront_origin_access_identity.this",
            "module.vpc.aws_subnet.public",
            "module.vpc.aws_vpc.this",
            "module.vpc.aws_vpc_ipv4_cidr_block_association.this"
          ],
          "create_before_destroy": true
        }
      ]
    },
    {
      "module": "module.efs",
      "mode": "data",
      "type": "aws_iam_policy_document",
      "name": "policy",
      "provider": "provider[\"registry.terraform.io/hashicorp/aws\"].default",
      "instances": [
        {
          "index_key": 0,
          "schema_version": 0,
          "attributes": {
            "id": "2014712428",
            "json": "{\n  \"Version\": \"2012-10-17\",\n  \"Statement\": [\n    {\n      \"Effect\": \"Allow\",\n      \"Action\": \"elasticfilesystem:ClientMount\",\n      \"Resource\": \"arn:aws:elasticfilesystem:eu-west-3:757244967855:file-system/fs-06e68f8db92b8aa89\",\n      \"Principal\": {\n        \"AWS\": \"arn:aws:iam::757244967855:user/cloud-1\"\n      }\n    },\n    {\n      \"Sid\": \"NonSecureTransport\",\n      \"Effect\": \"Deny\",\n      \"Action\": \"*\",\n      \"Resource\": \"arn:aws:elasticfilesystem:eu-west-3:757244967855:file-system/fs-06e68f8db92b8aa89\",\n      \"Principal\": {\n        \"AWS\": \"*\"\n      },\n      \"Condition\": {\n        \"Bool\": {\n          \"aws:SecureTransport\": \"false\"\n        }\n      }\n    },\n    {\n      \"Sid\": \"NonSecureTransportAccessedViaMountTarget\",\n      \"Effect\": \"Allow\",\n      \"Action\": [\n        \"elasticfilesystem:ClientWrite\",\n        \"elasticfilesystem:ClientRootAccess\",\n        \"elasticfilesystem:ClientMount\"\n      ],\n      \"Resource\": \"arn:aws:elasticfilesystem:eu-west-3:757244967855:file-system/fs-06e68f8db92b8aa89\",\n      \"Principal\": {\n        \"AWS\": \"*\"\n      },\n      \"Condition\": {\n        \"Bool\": {\n          \"elasticfilesystem:AccessedViaMountTarget\": \"true\"\n        }\n      }\n    }\n  ]\n}",
            "minified_json": "{\"Version\":\"2012-10-17\",\"Statement\":[{\"Effect\":\"Allow\",\"Action\":\"elasticfilesystem:ClientMount\",\"Resource\":\"arn:aws:elasticfilesystem:eu-west-3:757244967855:file-system/fs-06e68f8db92b8aa89\",\"Principal\":{\"AWS\":\"arn:aws:iam::757244967855:user/cloud-1\"}},{\"Sid\":\"NonSecureTransport\",\"Effect\":\"Deny\",\"Action\":\"*\",\"Resource\":\"arn:aws:elasticfilesystem:eu-west-3:757244967855:file-system/fs-06e68f8db92b8aa89\",\"Principal\":{\"AWS\":\"*\"},\"Condition\":{\"Bool\":{\"aws:SecureTransport\":\"false\"}}},{\"Sid\":\"NonSecureTransportAccessedViaMountTarget\",\"Effect\":\"Allow\",\"Action\":[\"elasticfilesystem:ClientWrite\",\"elasticfilesystem:ClientRootAccess\",\"elasticfilesystem:ClientMount\"],\"Resource\":\"arn:aws:elasticfilesystem:eu-west-3:757244967855:file-system/fs-06e68f8db92b8aa89\",\"Principal\":{\"AWS\":\"*\"},\"Condition\":{\"Bool\":{\"elasticfilesystem:AccessedViaMountTarget\":\"true\"}}}]}",
            "override_json": null,
            "override_policy_documents": null,
            "policy_id": null,
            "source_json": null,
            "source_policy_documents": null,
            "statement": [
              {
                "actions": [
                  "elasticfilesystem:ClientMount"
                ],
                "condition": [],
                "effect": "Allow",
                "not_actions": [],
                "not_principals": [],
                "not_resources": [],
                "principals": [
                  {
                    "identifiers": [
                      "arn:aws:iam::757244967855:user/cloud-1"
                    ],
                    "type": "AWS"
                  }
                ],
                "resources": [
                  "arn:aws:elasticfilesystem:eu-west-3:757244967855:file-system/fs-06e68f8db92b8aa89"
                ],
                "sid": ""
              },
              {
                "actions": [
                  "*"
                ],
                "condition": [
                  {
                    "test": "Bool",
                    "values": [
                      "false"
                    ],
                    "variable": "aws:SecureTransport"
                  }
                ],
                "effect": "Deny",
                "not_actions": [],
                "not_principals": [],
                "not_resources": [],
                "principals": [
                  {
                    "identifiers": [
                      "*"
                    ],
                    "type": "AWS"
                  }
                ],
                "resources": [
                  "arn:aws:elasticfilesystem:eu-west-3:757244967855:file-system/fs-06e68f8db92b8aa89"
                ],
                "sid": "NonSecureTransport"
              },
              {
                "actions": [
                  "elasticfilesystem:ClientMount",
                  "elasticfilesystem:ClientRootAccess",
                  "elasticfilesystem:ClientWrite"
                ],
                "condition": [
                  {
                    "test": "Bool",
                    "values": [
                      "true"
                    ],
                    "variable": "elasticfilesystem:AccessedViaMountTarget"
                  }
                ],
                "effect": "Allow",
                "not_actions": [],
                "not_principals": [],
                "not_resources": [],
                "principals": [
                  {
                    "identifiers": [
                      "*"
                    ],
                    "type": "AWS"
                  }
                ],
                "resources": [
                  "arn:aws:elasticfilesystem:eu-west-3:757244967855:file-system/fs-06e68f8db92b8aa89"
                ],
                "sid": "NonSecureTransportAccessedViaMountTarget"
              }
            ],
            "version": "2012-10-17"
          },
          "sensitive_attributes": []
        }
      ]
    },
    {
      "module": "module.efs",
      "mode": "managed",
      "type": "aws_efs_access_point",
      "name": "this",
      "provider": "provider[\"registry.terraform.io/hashicorp/aws\"].default",
      "instances": [
        {
          "index_key": "posix_example",
          "schema_version": 0,
          "attributes": {
            "arn": "arn:aws:elasticfilesystem:eu-west-3:757244967855:access-point/fsap-098c91da772046a96",
            "file_system_arn": "arn:aws:elasticfilesystem:eu-west-3:757244967855:file-system/fs-06e68f8db92b8aa89",
            "file_system_id": "fs-06e68f8db92b8aa89",
            "id": "fsap-098c91da772046a96",
            "owner_id": "757244967855",
            "posix_user": [
              {
                "gid": 1001,
                "secondary_gids": [
                  1002
                ],
                "uid": 1001
              }
            ],
            "root_directory": [
              {
                "creation_info": [],
                "path": "/"
              }
            ],
            "tags": {
              "Additionl": "yes",
              "DeployedBy": "Terraform",
              "Name": "posix-example",
              "Origin": "cloud-1"
            },
            "tags_all": {
              "Additionl": "yes",
              "DeployedBy": "Terraform",
              "Name": "posix-example",
              "Origin": "cloud-1"
            }
          },
          "sensitive_attributes": [],
          "private": "bnVsbA==",
          "dependencies": [
            "module.efs.aws_efs_file_system.this",
            "module.kms.aws_kms_external_key.this",
            "module.kms.aws_kms_key.this",
            "module.kms.aws_kms_replica_external_key.this",
            "module.kms.aws_kms_replica_key.this",
            "module.kms.data.aws_caller_identity.current",
            "module.kms.data.aws_iam_policy_document.this",
            "module.kms.data.aws_partition.current"
          ],
          "create_before_destroy": true
        }
      ]
    },
    {
      "module": "module.efs",
      "mode": "managed",
      "type": "aws_efs_backup_policy",
      "name": "this",
      "provider": "provider[\"registry.terraform.io/hashicorp/aws\"].default",
      "instances": [
        {
          "index_key": 0,
          "schema_version": 0,
          "attributes": {
            "backup_policy": [
              {
                "status": "DISABLED"
              }
            ],
            "file_system_id": "fs-06e68f8db92b8aa89",
            "id": "fs-06e68f8db92b8aa89"
          },
          "sensitive_attributes": [],
          "private": "bnVsbA==",
          "dependencies": [
            "module.efs.aws_efs_file_system.this",
            "module.kms.aws_kms_external_key.this",
            "module.kms.aws_kms_key.this",
            "module.kms.aws_kms_replica_external_key.this",
            "module.kms.aws_kms_replica_key.this",
            "module.kms.data.aws_caller_identity.current",
            "module.kms.data.aws_iam_policy_document.this",
            "module.kms.data.aws_partition.current"
          ],
          "create_before_destroy": true
        }
      ]
    },
    {
      "module": "module.efs",
      "mode": "managed",
      "type": "aws_efs_file_system",
      "name": "this",
      "provider": "provider[\"registry.terraform.io/hashicorp/aws\"].default",
      "instances": [
        {
          "index_key": 0,
          "schema_version": 0,
          "attributes": {
            "arn": "arn:aws:elasticfilesystem:eu-west-3:757244967855:file-system/fs-06e68f8db92b8aa89",
            "availability_zone_id": "",
            "availability_zone_name": "",
            "creation_token": "efs-cloud-1",
            "dns_name": "fs-06e68f8db92b8aa89.efs.eu-west-3.amazonaws.com",
            "encrypted": true,
            "id": "fs-06e68f8db92b8aa89",
            "kms_key_id": "arn:aws:kms:eu-west-3:757244967855:key/2620a196-ef30-467e-854b-0758e817f9b1",
            "lifecycle_policy": [],
            "name": "efs-cloud-1",
            "number_of_mount_targets": 0,
            "owner_id": "757244967855",
            "performance_mode": "generalPurpose",
            "protection": [
              {
                "replication_overwrite": "ENABLED"
              }
            ],
            "provisioned_throughput_in_mibps": 0,
            "size_in_bytes": [
              {
                "value": 6144,
                "value_in_ia": 0,
                "value_in_standard": 6144
              }
            ],
            "tags": {
              "DeployedBy": "Terraform",
              "Name": "efs-cloud-1",
              "Origin": "cloud-1"
            },
            "tags_all": {
              "DeployedBy": "Terraform",
              "Name": "efs-cloud-1",
              "Origin": "cloud-1"
            },
            "throughput_mode": "bursting"
          },
          "sensitive_attributes": [],
          "private": "bnVsbA==",
          "dependencies": [
            "module.kms.aws_kms_external_key.this",
            "module.kms.aws_kms_key.this",
            "module.kms.aws_kms_replica_external_key.this",
            "module.kms.aws_kms_replica_key.this",
            "module.kms.data.aws_caller_identity.current",
            "module.kms.data.aws_iam_policy_document.this",
            "module.kms.data.aws_partition.current"
          ],
          "create_before_destroy": true
        }
      ]
    },
    {
      "module": "module.efs",
      "mode": "managed",
      "type": "aws_efs_file_system_policy",
      "name": "this",
      "provider": "provider[\"registry.terraform.io/hashicorp/aws\"].default",
      "instances": [
        {
          "index_key": 0,
          "schema_version": 0,
          "attributes": {
            "bypass_policy_lockout_safety_check": false,
            "file_system_id": "fs-06e68f8db92b8aa89",
            "id": "fs-06e68f8db92b8aa89",
            "policy": "{\"Statement\":[{\"Action\":\"elasticfilesystem:ClientMount\",\"Effect\":\"Allow\",\"Principal\":{\"AWS\":\"arn:aws:iam::757244967855:user/cloud-1\"},\"Resource\":\"arn:aws:elasticfilesystem:eu-west-3:757244967855:file-system/fs-06e68f8db92b8aa89\"},{\"Action\":\"*\",\"Condition\":{\"Bool\":{\"aws:SecureTransport\":\"false\"}},\"Effect\":\"Deny\",\"Principal\":{\"AWS\":\"*\"},\"Resource\":\"arn:aws:elasticfilesystem:eu-west-3:757244967855:file-system/fs-06e68f8db92b8aa89\",\"Sid\":\"NonSecureTransport\"},{\"Action\":[\"elasticfilesystem:ClientWrite\",\"elasticfilesystem:ClientRootAccess\",\"elasticfilesystem:ClientMount\"],\"Condition\":{\"Bool\":{\"elasticfilesystem:AccessedViaMountTarget\":\"true\"}},\"Effect\":\"Allow\",\"Principal\":{\"AWS\":\"*\"},\"Resource\":\"arn:aws:elasticfilesystem:eu-west-3:757244967855:file-system/fs-06e68f8db92b8aa89\",\"Sid\":\"NonSecureTransportAccessedViaMountTarget\"}],\"Version\":\"2012-10-17\"}"
          },
          "sensitive_attributes": [],
          "private": "bnVsbA==",
          "dependencies": [
            "data.aws_caller_identity.current",
            "module.efs.aws_efs_file_system.this",
            "module.efs.data.aws_iam_policy_document.policy",
            "module.kms.aws_kms_external_key.this",
            "module.kms.aws_kms_key.this",
            "module.kms.aws_kms_replica_external_key.this",
            "module.kms.aws_kms_replica_key.this",
            "module.kms.data.aws_caller_identity.current",
            "module.kms.data.aws_iam_policy_document.this",
            "module.kms.data.aws_partition.current"
          ],
          "create_before_destroy": true
        }
      ]
    },
    {
      "module": "module.efs",
      "mode": "managed",
      "type": "aws_efs_mount_target",
      "name": "this",
      "provider": "provider[\"registry.terraform.io/hashicorp/aws\"].default",
      "instances": [
        {
          "index_key": "eu-west-3a",
          "schema_version": 0,
          "attributes": {
            "availability_zone_id": "euw3-az1",
            "availability_zone_name": "eu-west-3a",
            "dns_name": "fs-06e68f8db92b8aa89.efs.eu-west-3.amazonaws.com",
            "file_system_arn": "arn:aws:elasticfilesystem:eu-west-3:757244967855:file-system/fs-06e68f8db92b8aa89",
            "file_system_id": "fs-06e68f8db92b8aa89",
            "id": "fsmt-055c8c575e2cf9bef",
            "ip_address": "10.0.0.173",
            "mount_target_dns_name": "eu-west-3a.fs-06e68f8db92b8aa89.efs.eu-west-3.amazonaws.com",
            "network_interface_id": "eni-05cbef7f4c3efb24f",
            "owner_id": "757244967855",
            "security_groups": [
              "sg-0c7ecbe61c824e375"
            ],
            "subnet_id": "subnet-0e9a62cdc91392480",
            "timeouts": null
          },
          "sensitive_attributes": [],
          "private": "eyJlMmJmYjczMC1lY2FhLTExZTYtOGY4OC0zNDM2M2JjN2M0YzAiOnsiY3JlYXRlIjoxODAwMDAwMDAwMDAwLCJkZWxldGUiOjYwMDAwMDAwMDAwMH19",
          "dependencies": [
            "module.efs.aws_efs_file_system.this",
            "module.efs.aws_security_group.this",
            "module.kms.aws_kms_external_key.this",
            "module.kms.aws_kms_key.this",
            "module.kms.aws_kms_replica_external_key.this",
            "module.kms.aws_kms_replica_key.this",
            "module.kms.data.aws_caller_identity.current",
            "module.kms.data.aws_iam_policy_document.this",
            "module.kms.data.aws_partition.current",
            "module.vpc.aws_subnet.private",
            "module.vpc.aws_vpc.this",
            "module.vpc.aws_vpc_ipv4_cidr_block_association.this"
          ],
          "create_before_destroy": true
        },
        {
          "index_key": "eu-west-3b",
          "schema_version": 0,
          "attributes": {
            "availability_zone_id": "euw3-az2",
            "availability_zone_name": "eu-west-3b",
            "dns_name": "fs-06e68f8db92b8aa89.efs.eu-west-3.amazonaws.com",
            "file_system_arn": "arn:aws:elasticfilesystem:eu-west-3:757244967855:file-system/fs-06e68f8db92b8aa89",
            "file_system_id": "fs-06e68f8db92b8aa89",
            "id": "fsmt-0e43998bf5b47d99b",
            "ip_address": "10.0.1.244",
            "mount_target_dns_name": "eu-west-3b.fs-06e68f8db92b8aa89.efs.eu-west-3.amazonaws.com",
            "network_interface_id": "eni-07f09c7a41ade068a",
            "owner_id": "757244967855",
            "security_groups": [
              "sg-0c7ecbe61c824e375"
            ],
            "subnet_id": "subnet-09c33d3a7d2bd7f1a",
            "timeouts": null
          },
          "sensitive_attributes": [],
          "private": "eyJlMmJmYjczMC1lY2FhLTExZTYtOGY4OC0zNDM2M2JjN2M0YzAiOnsiY3JlYXRlIjoxODAwMDAwMDAwMDAwLCJkZWxldGUiOjYwMDAwMDAwMDAwMH19",
          "dependencies": [
            "module.efs.aws_efs_file_system.this",
            "module.efs.aws_security_group.this",
            "module.kms.aws_kms_external_key.this",
            "module.kms.aws_kms_key.this",
            "module.kms.aws_kms_replica_external_key.this",
            "module.kms.aws_kms_replica_key.this",
            "module.kms.data.aws_caller_identity.current",
            "module.kms.data.aws_iam_policy_document.this",
            "module.kms.data.aws_partition.current",
            "module.vpc.aws_subnet.private",
            "module.vpc.aws_vpc.this",
            "module.vpc.aws_vpc_ipv4_cidr_block_association.this"
          ],
          "create_before_destroy": true
        }
      ]
    },
    {
      "module": "module.efs",
      "mode": "managed",
      "type": "aws_security_group",
      "name": "this",
      "provider": "provider[\"registry.terraform.io/hashicorp/aws\"].default",
      "instances": [
        {
          "index_key": 0,
          "schema_version": 1,
          "attributes": {
            "arn": "arn:aws:ec2:eu-west-3:757244967855:security-group/sg-0c7ecbe61c824e375",
            "description": "EFS security group",
            "egress": [],
            "id": "sg-0c7ecbe61c824e375",
            "ingress": [],
            "name": "efs-cloud-1",
            "name_prefix": "",
            "owner_id": "757244967855",
            "revoke_rules_on_delete": true,
            "tags": {
              "DeployedBy": "Terraform",
              "Origin": "cloud-1"
            },
            "tags_all": {
              "DeployedBy": "Terraform",
              "Origin": "cloud-1"
            },
            "timeouts": null,
            "vpc_id": "vpc-0d8cc78a8cfc3e195"
          },
          "sensitive_attributes": [],
          "private": "eyJlMmJmYjczMC1lY2FhLTExZTYtOGY4OC0zNDM2M2JjN2M0YzAiOnsiY3JlYXRlIjo2MDAwMDAwMDAwMDAsImRlbGV0ZSI6OTAwMDAwMDAwMDAwfSwic2NoZW1hX3ZlcnNpb24iOiIxIn0=",
          "dependencies": [
            "module.vpc.aws_subnet.private",
            "module.vpc.aws_vpc.this",
            "module.vpc.aws_vpc_ipv4_cidr_block_association.this"
          ],
          "create_before_destroy": true
        }
      ]
    },
    {
      "module": "module.efs",
      "mode": "managed",
      "type": "aws_security_group_rule",
      "name": "this",
      "provider": "provider[\"registry.terraform.io/hashicorp/aws\"].default",
      "instances": [
        {
          "index_key": "vpc",
          "schema_version": 2,
          "attributes": {
            "cidr_blocks": null,
            "description": "Allow access from ASG",
            "from_port": 2049,
            "id": "sgrule-1268890390",
            "ipv6_cidr_blocks": null,
            "prefix_list_ids": null,
            "protocol": "tcp",
            "security_group_id": "sg-0c7ecbe61c824e375",
            "security_group_rule_id": "sgr-07bc7a8d3e34c878c",
            "self": false,
            "source_security_group_id": "sg-0fbbd9af2b0906c3c",
            "timeouts": null,
            "to_port": 2049,
            "type": "ingress"
          },
          "sensitive_attributes": [],
          "private": "eyJlMmJmYjczMC1lY2FhLTExZTYtOGY4OC0zNDM2M2JjN2M0YzAiOnsiY3JlYXRlIjozMDAwMDAwMDAwMDB9LCJzY2hlbWFfdmVyc2lvbiI6IjIifQ==",
          "dependencies": [
            "module.autoscaling_sg.aws_security_group.this",
            "module.autoscaling_sg.aws_security_group.this_name_prefix",
            "module.efs.aws_security_group.this",
            "module.vpc.aws_subnet.private",
            "module.vpc.aws_vpc.this",
            "module.vpc.aws_vpc_ipv4_cidr_block_association.this"
          ],
          "create_before_destroy": true
        }
      ]
    },
    {
      "module": "module.elasticache",
      "mode": "managed",
      "type": "aws_elasticache_cluster",
      "name": "this",
      "provider": "provider[\"registry.terraform.io/hashicorp/aws\"].default",
      "instances": [
        {
          "index_key": 0,
          "schema_version": 0,
          "attributes": {
            "apply_immediately": true,
            "arn": "arn:aws:elasticache:eu-west-3:757244967855:cluster:memcache-cloud-1",
            "auto_minor_version_upgrade": "true",
            "availability_zone": "Multiple",
            "az_mode": "cross-az",
            "cache_nodes": [
              {
                "address": "memcache-cloud-1.axng6m.0001.euw3.cache.amazonaws.com",
                "availability_zone": "eu-west-3b",
                "id": "0001",
                "outpost_arn": "",
                "port": 11211
              },
              {
                "address": "memcache-cloud-1.axng6m.0002.euw3.cache.amazonaws.com",
                "availability_zone": "eu-west-3a",
                "id": "0002",
                "outpost_arn": "",
                "port": 11211
              },
              {
                "address": "memcache-cloud-1.axng6m.0003.euw3.cache.amazonaws.com",
                "availability_zone": "eu-west-3b",
                "id": "0003",
                "outpost_arn": "",
                "port": 11211
              }
            ],
            "cluster_address": "memcache-cloud-1.axng6m.cfg.euw3.cache.amazonaws.com",
            "cluster_id": "memcache-cloud-1",
            "configuration_endpoint": "memcache-cloud-1.axng6m.cfg.euw3.cache.amazonaws.com:11211",
            "engine": "memcached",
            "engine_version": "1.6.22",
            "engine_version_actual": "1.6.22",
            "final_snapshot_identifier": null,
            "id": "memcache-cloud-1",
            "ip_discovery": "ipv4",
            "log_delivery_configuration": [],
            "maintenance_window": "sun:05:00-sun:09:00",
            "network_type": "ipv4",
            "node_type": "cache.t4g.small",
            "notification_topic_arn": null,
            "num_cache_nodes": 3,
            "outpost_mode": null,
            "parameter_group_name": "cloud-1",
            "port": 11211,
            "preferred_availability_zones": [],
            "preferred_outpost_arn": "",
            "replication_group_id": "",
            "security_group_ids": [
              "sg-0ab8da5868e69cb5b"
            ],
            "snapshot_arns": [],
            "snapshot_name": null,
            "snapshot_retention_limit": 0,
            "snapshot_window": "",
            "subnet_group_name": "cloud-1",
            "tags": {
              "terraform-aws-modules": "elasticache"
            },
            "tags_all": {
              "terraform-aws-modules": "elasticache"
            },
            "transit_encryption_enabled": false
          },
          "sensitive_attributes": [],
          "private": "bnVsbA==",
          "dependencies": [
            "module.elasticache.aws_cloudwatch_log_group.this",
            "module.elasticache.aws_elasticache_parameter_group.this",
            "module.elasticache.aws_elasticache_replication_group.this",
            "module.elasticache.aws_elasticache_subnet_group.this",
            "module.elasticache.aws_security_group.this",
            "module.elasticache.random_id.this",
            "module.vpc.aws_subnet.database",
            "module.vpc.aws_vpc.this",
            "module.vpc.aws_vpc_ipv4_cidr_block_association.this"
          ],
          "create_before_destroy": true
        }
      ]
    },
    {
      "module": "module.elasticache",
      "mode": "managed",
      "type": "aws_elasticache_parameter_group",
      "name": "this",
      "provider": "provider[\"registry.terraform.io/hashicorp/aws\"].default",
      "instances": [
        {
          "index_key": 0,
          "schema_version": 0,
          "attributes": {
            "arn": "arn:aws:elasticache:eu-west-3:757244967855:parametergroup:cloud-1",
            "description": "Cloud-1 parameter group",
            "family": "memcached1.6",
            "id": "cloud-1",
            "name": "cloud-1",
            "parameter": [],
            "tags": {
              "terraform-aws-modules": "elasticache"
            },
            "tags_all": {
              "terraform-aws-modules": "elasticache"
            }
          },
          "sensitive_attributes": [],
          "private": "bnVsbA==",
          "dependencies": [
            "module.elasticache.random_id.this"
          ],
          "create_before_destroy": true
        }
      ]
    },
    {
      "module": "module.elasticache",
      "mode": "managed",
      "type": "aws_elasticache_subnet_group",
      "name": "this",
      "provider": "provider[\"registry.terraform.io/hashicorp/aws\"].default",
      "instances": [
        {
          "index_key": 0,
          "schema_version": 0,
          "attributes": {
            "arn": "arn:aws:elasticache:eu-west-3:757244967855:subnetgroup:cloud-1",
            "description": "Cloud-1 subnet group",
            "id": "cloud-1",
            "name": "cloud-1",
            "subnet_ids": [
              "subnet-084b07dd076e0c53c",
              "subnet-0d32926d1b98ae4fd"
            ],
            "tags": {
              "terraform-aws-modules": "elasticache"
            },
            "tags_all": {
              "terraform-aws-modules": "elasticache"
            },
            "vpc_id": "vpc-0d8cc78a8cfc3e195"
          },
          "sensitive_attributes": [],
          "private": "bnVsbA==",
          "dependencies": [
            "module.vpc.aws_subnet.database",
            "module.vpc.aws_vpc.this",
            "module.vpc.aws_vpc_ipv4_cidr_block_association.this"
          ],
          "create_before_destroy": true
        }
      ]
    },
    {
      "module": "module.elasticache",
      "mode": "managed",
      "type": "aws_security_group",
      "name": "this",
      "provider": "provider[\"registry.terraform.io/hashicorp/aws\"].default",
      "instances": [
        {
          "index_key": 0,
          "schema_version": 1,
          "attributes": {
            "arn": "arn:aws:ec2:eu-west-3:757244967855:security-group/sg-0ab8da5868e69cb5b",
            "description": "Managed by Terraform",
            "egress": [],
            "id": "sg-0ab8da5868e69cb5b",
            "ingress": [],
            "name": "memcache-cloud-1-20241213150041181800000008",
            "name_prefix": "memcache-cloud-1-",
            "owner_id": "757244967855",
            "revoke_rules_on_delete": false,
            "tags": {
              "terraform-aws-modules": "elasticache"
            },
            "tags_all": {
              "terraform-aws-modules": "elasticache"
            },
            "timeouts": null,
            "vpc_id": "vpc-0d8cc78a8cfc3e195"
          },
          "sensitive_attributes": [],
          "private": "eyJlMmJmYjczMC1lY2FhLTExZTYtOGY4OC0zNDM2M2JjN2M0YzAiOnsiY3JlYXRlIjo2MDAwMDAwMDAwMDAsImRlbGV0ZSI6OTAwMDAwMDAwMDAwfSwic2NoZW1hX3ZlcnNpb24iOiIxIn0=",
          "dependencies": [
            "module.vpc.aws_vpc.this"
          ],
          "create_before_destroy": true
        }
      ]
    },
    {
      "module": "module.elasticache",
      "mode": "managed",
      "type": "aws_vpc_security_group_ingress_rule",
      "name": "this",
      "provider": "provider[\"registry.terraform.io/hashicorp/aws\"].default",
      "instances": [
        {
          "index_key": "ingress_vpc",
          "schema_version": 0,
          "attributes": {
            "arn": "arn:aws:ec2:eu-west-3:757244967855:security-group-rule/sgr-071767ff061ed396f",
            "cidr_ipv4": null,
            "cidr_ipv6": null,
            "description": "ASG traffic",
            "from_port": 11211,
            "id": "sgr-071767ff061ed396f",
            "ip_protocol": "tcp",
            "prefix_list_id": null,
            "referenced_security_group_id": "sg-0fbbd9af2b0906c3c",
            "security_group_id": "sg-0ab8da5868e69cb5b",
            "security_group_rule_id": "sgr-071767ff061ed396f",
            "tags": {
              "terraform-aws-modules": "elasticache"
            },
            "tags_all": {
              "terraform-aws-modules": "elasticache"
            },
            "to_port": 11211
          },
          "sensitive_attributes": [],
          "dependencies": [
            "module.autoscaling_sg.aws_security_group.this",
            "module.autoscaling_sg.aws_security_group.this_name_prefix",
            "module.elasticache.aws_security_group.this",
            "module.vpc.aws_vpc.this"
          ],
          "create_before_destroy": true
        }
      ]
    },
    {
      "module": "module.elasticache",
      "mode": "managed",
      "type": "random_id",
      "name": "this",
      "provider": "provider[\"registry.terraform.io/hashicorp/random\"]",
      "instances": [
        {
          "index_key": 0,
          "schema_version": 0,
          "attributes": {
            "b64_std": "ich5QVBJQw0=",
            "b64_url": "ich5QVBJQw0",
            "byte_length": 8,
            "dec": "9928318699965072141",
            "hex": "89c879415049430d",
            "id": "ich5QVBJQw0",
            "keepers": null,
            "prefix": null
          },
          "sensitive_attributes": [],
          "create_before_destroy": true
        }
      ]
    },
    {
      "module": "module.kms",
      "mode": "data",
      "type": "aws_caller_identity",
      "name": "current",
      "provider": "provider[\"registry.terraform.io/hashicorp/aws\"].default",
      "instances": [
        {
          "schema_version": 0,
          "attributes": {
            "account_id": "757244967855",
            "arn": "arn:aws:iam::757244967855:user/cloud-1",
            "id": "757244967855",
            "user_id": "AIDA3AT2RHOXYEWVNOGPK"
          },
          "sensitive_attributes": []
        }
      ]
    },
    {
      "module": "module.kms",
      "mode": "data",
      "type": "aws_iam_policy_document",
      "name": "this",
      "provider": "provider[\"registry.terraform.io/hashicorp/aws\"].default",
      "instances": [
        {
          "index_key": 0,
          "schema_version": 0,
          "attributes": {
            "id": "3652640536",
            "json": "{\n  \"Version\": \"2012-10-17\",\n  \"Statement\": [\n    {\n      \"Sid\": \"Default\",\n      \"Effect\": \"Allow\",\n      \"Action\": \"kms:*\",\n      \"Resource\": \"*\",\n      \"Principal\": {\n        \"AWS\": \"arn:aws:iam::757244967855:root\"\n      }\n    }\n  ]\n}",
            "minified_json": "{\"Version\":\"2012-10-17\",\"Statement\":[{\"Sid\":\"Default\",\"Effect\":\"Allow\",\"Action\":\"kms:*\",\"Resource\":\"*\",\"Principal\":{\"AWS\":\"arn:aws:iam::757244967855:root\"}}]}",
            "override_json": null,
            "override_policy_documents": null,
            "policy_id": null,
            "source_json": null,
            "source_policy_documents": null,
            "statement": [
              {
                "actions": [
                  "kms:*"
                ],
                "condition": [],
                "effect": "Allow",
                "not_actions": [],
                "not_principals": [],
                "not_resources": [],
                "principals": [
                  {
                    "identifiers": [
                      "arn:aws:iam::757244967855:root"
                    ],
                    "type": "AWS"
                  }
                ],
                "resources": [
                  "*"
                ],
                "sid": "Default"
              }
            ],
            "version": "2012-10-17"
          },
          "sensitive_attributes": []
        }
      ]
    },
    {
      "module": "module.kms",
      "mode": "data",
      "type": "aws_partition",
      "name": "current",
      "provider": "provider[\"registry.terraform.io/hashicorp/aws\"].default",
      "instances": [
        {
          "schema_version": 0,
          "attributes": {
            "dns_suffix": "amazonaws.com",
            "id": "aws",
            "partition": "aws",
            "reverse_dns_prefix": "com.amazonaws"
          },
          "sensitive_attributes": []
        }
      ]
    },
    {
      "module": "module.kms",
      "mode": "managed",
      "type": "aws_kms_alias",
      "name": "this",
      "provider": "provider[\"registry.terraform.io/hashicorp/aws\"].default",
      "instances": [
        {
          "index_key": "cloud-1/efs",
          "schema_version": 0,
          "attributes": {
            "arn": "arn:aws:kms:eu-west-3:757244967855:alias/cloud-1/efs",
            "id": "alias/cloud-1/efs",
            "name": "alias/cloud-1/efs",
            "name_prefix": "",
            "target_key_arn": "arn:aws:kms:eu-west-3:757244967855:key/2620a196-ef30-467e-854b-0758e817f9b1",
            "target_key_id": "2620a196-ef30-467e-854b-0758e817f9b1"
          },
          "sensitive_attributes": [],
          "private": "bnVsbA==",
          "dependencies": [
            "module.kms.aws_kms_external_key.this",
            "module.kms.aws_kms_key.this",
            "module.kms.aws_kms_replica_external_key.this",
            "module.kms.aws_kms_replica_key.this",
            "module.kms.data.aws_caller_identity.current",
            "module.kms.data.aws_iam_policy_document.this",
            "module.kms.data.aws_partition.current"
          ]
        }
      ]
    },
    {
      "module": "module.kms",
      "mode": "managed",
      "type": "aws_kms_key",
      "name": "this",
      "provider": "provider[\"registry.terraform.io/hashicorp/aws\"].default",
      "instances": [
        {
          "index_key": 0,
          "schema_version": 0,
          "attributes": {
            "arn": "arn:aws:kms:eu-west-3:757244967855:key/2620a196-ef30-467e-854b-0758e817f9b1",
            "bypass_policy_lockout_safety_check": false,
            "custom_key_store_id": "",
            "customer_master_key_spec": "SYMMETRIC_DEFAULT",
            "deletion_window_in_days": 7,
            "description": "KMS Key used by EFS Storage - cloud-1",
            "enable_key_rotation": true,
            "id": "2620a196-ef30-467e-854b-0758e817f9b1",
            "is_enabled": true,
            "key_id": "2620a196-ef30-467e-854b-0758e817f9b1",
            "key_usage": "ENCRYPT_DECRYPT",
            "multi_region": false,
            "policy": "{\"Statement\":[{\"Action\":\"kms:*\",\"Effect\":\"Allow\",\"Principal\":{\"AWS\":\"arn:aws:iam::757244967855:root\"},\"Resource\":\"*\",\"Sid\":\"Default\"}],\"Version\":\"2012-10-17\"}",
            "rotation_period_in_days": 365,
            "tags": {
              "DeployedBy": "Terraform",
              "Origin": "cloud-1"
            },
            "tags_all": {
              "DeployedBy": "Terraform",
              "Origin": "cloud-1"
            },
            "timeouts": null,
            "xks_key_id": ""
          },
          "sensitive_attributes": [],
          "private": "eyJlMmJmYjczMC1lY2FhLTExZTYtOGY4OC0zNDM2M2JjN2M0YzAiOnsiY3JlYXRlIjoxMjAwMDAwMDAwMDB9fQ==",
          "dependencies": [
            "module.kms.data.aws_caller_identity.current",
            "module.kms.data.aws_iam_policy_document.this",
            "module.kms.data.aws_partition.current"
          ],
          "create_before_destroy": true
        }
      ]
    },
    {
      "module": "module.vpc",
      "mode": "managed",
      "type": "aws_db_subnet_group",
      "name": "database",
      "provider": "provider[\"registry.terraform.io/hashicorp/aws\"].default",
      "instances": [
        {
          "index_key": 0,
          "schema_version": 0,
          "attributes": {
            "arn": "arn:aws:rds:eu-west-3:757244967855:subgrp:vpc-cloud-1",
            "description": "Database subnet group for vpc-cloud-1",
            "id": "vpc-cloud-1",
            "name": "vpc-cloud-1",
            "name_prefix": "",
            "subnet_ids": [
              "subnet-084b07dd076e0c53c",
              "subnet-0d32926d1b98ae4fd"
            ],
            "supported_network_types": [
              "IPV4"
            ],
            "tags": {
              "DeployedBy": "Terraform",
              "Name": "vpc-cloud-1",
              "Origin": "cloud-1"
            },
            "tags_all": {
              "DeployedBy": "Terraform",
              "Name": "vpc-cloud-1",
              "Origin": "cloud-1"
            },
            "vpc_id": "vpc-0d8cc78a8cfc3e195"
          },
          "sensitive_attributes": [],
          "private": "bnVsbA==",
          "dependencies": [
            "module.vpc.aws_subnet.database",
            "module.vpc.aws_vpc.this",
            "module.vpc.aws_vpc_ipv4_cidr_block_association.this"
          ],
          "create_before_destroy": true
        }
      ]
    },
    {
      "module": "module.vpc",
      "mode": "managed",
      "type": "aws_default_network_acl",
      "name": "this",
      "provider": "provider[\"registry.terraform.io/hashicorp/aws\"].default",
      "instances": [
        {
          "index_key": 0,
          "schema_version": 0,
          "attributes": {
            "arn": "arn:aws:ec2:eu-west-3:757244967855:network-acl/acl-0c639bd26e1aae8fd",
            "default_network_acl_id": "acl-0c639bd26e1aae8fd",
            "egress": [
              {
                "action": "allow",
                "cidr_block": "",
                "from_port": 0,
                "icmp_code": null,
                "icmp_type": null,
                "ipv6_cidr_block": "::/0",
                "protocol": "-1",
                "rule_no": 101,
                "to_port": 0
              },
              {
                "action": "allow",
                "cidr_block": "0.0.0.0/0",
                "from_port": 0,
                "icmp_code": null,
                "icmp_type": null,
                "ipv6_cidr_block": "",
                "protocol": "-1",
                "rule_no": 100,
                "to_port": 0
              }
            ],
            "id": "acl-0c639bd26e1aae8fd",
            "ingress": [
              {
                "action": "allow",
                "cidr_block": "",
                "from_port": 0,
                "icmp_code": null,
                "icmp_type": null,
                "ipv6_cidr_block": "::/0",
                "protocol": "-1",
                "rule_no": 101,
                "to_port": 0
              },
              {
                "action": "allow",
                "cidr_block": "0.0.0.0/0",
                "from_port": 0,
                "icmp_code": null,
                "icmp_type": null,
                "ipv6_cidr_block": "",
                "protocol": "-1",
                "rule_no": 100,
                "to_port": 0
              }
            ],
            "owner_id": "757244967855",
            "subnet_ids": [
              "subnet-0479ab04a04d725e5",
              "subnet-084b07dd076e0c53c",
              "subnet-09c33d3a7d2bd7f1a",
              "subnet-0d32926d1b98ae4fd",
              "subnet-0e7c1e84d02b18fd4",
              "subnet-0e9a62cdc91392480"
            ],
            "tags": {
              "DeployedBy": "Terraform",
              "Name": "vpc-cloud-1-default",
              "Origin": "cloud-1"
            },
            "tags_all": {
              "DeployedBy": "Terraform",
              "Name": "vpc-cloud-1-default",
              "Origin": "cloud-1"
            },
            "vpc_id": "vpc-0d8cc78a8cfc3e195"
          },
          "sensitive_attributes": [],
          "private": "bnVsbA==",
          "dependencies": [
            "module.vpc.aws_vpc.this"
          ]
        }
      ]
    },
    {
      "module": "module.vpc",
      "mode": "managed",
      "type": "aws_default_route_table",
      "name": "default",
      "provider": "provider[\"registry.terraform.io/hashicorp/aws\"].default",
      "instances": [
        {
          "index_key": 0,
          "schema_version": 0,
          "attributes": {
            "arn": "arn:aws:ec2:eu-west-3:757244967855:route-table/rtb-0564e289971250166",
            "default_route_table_id": "rtb-0564e289971250166",
            "id": "rtb-0564e289971250166",
            "owner_id": "757244967855",
            "propagating_vgws": null,
            "route": [],
            "tags": {
              "DeployedBy": "Terraform",
              "Name": "vpc-cloud-1-default",
              "Origin": "cloud-1"
            },
            "tags_all": {
              "DeployedBy": "Terraform",
              "Name": "vpc-cloud-1-default",
              "Origin": "cloud-1"
            },
            "timeouts": {
              "create": "5m",
              "update": "5m"
            },
            "vpc_id": "vpc-0d8cc78a8cfc3e195"
          },
          "sensitive_attributes": [],
          "private": "eyJlMmJmYjczMC1lY2FhLTExZTYtOGY4OC0zNDM2M2JjN2M0YzAiOnsiY3JlYXRlIjozMDAwMDAwMDAwMDAsInVwZGF0ZSI6MzAwMDAwMDAwMDAwfX0=",
          "dependencies": [
            "module.vpc.aws_vpc.this"
          ]
        }
      ]
    },
    {
      "module": "module.vpc",
      "mode": "managed",
      "type": "aws_default_security_group",
      "name": "this",
      "provider": "provider[\"registry.terraform.io/hashicorp/aws\"].default",
      "instances": [
        {
          "index_key": 0,
          "schema_version": 1,
          "attributes": {
            "arn": "arn:aws:ec2:eu-west-3:757244967855:security-group/sg-064134ce354e6c03a",
            "description": "default VPC security group",
            "egress": [],
            "id": "sg-064134ce354e6c03a",
            "ingress": [],
            "name": "default",
            "name_prefix": "",
            "owner_id": "757244967855",
            "revoke_rules_on_delete": false,
            "tags": {
              "DeployedBy": "Terraform",
              "Name": "vpc-cloud-1-default",
              "Origin": "cloud-1"
            },
            "tags_all": {
              "DeployedBy": "Terraform",
              "Name": "vpc-cloud-1-default",
              "Origin": "cloud-1"
            },
            "vpc_id": "vpc-0d8cc78a8cfc3e195"
          },
          "sensitive_attributes": [],
          "private": "eyJzY2hlbWFfdmVyc2lvbiI6IjEifQ==",
          "dependencies": [
            "module.vpc.aws_vpc.this"
          ]
        }
      ]
    },
    {
      "module": "module.vpc",
      "mode": "managed",
      "type": "aws_eip",
      "name": "nat",
      "provider": "provider[\"registry.terraform.io/hashicorp/aws\"].default",
      "instances": [
        {
          "index_key": 0,
          "schema_version": 0,
          "attributes": {
            "address": null,
            "allocation_id": "eipalloc-0e71ed39a83150edd",
            "arn": "arn:aws:ec2:eu-west-3:757244967855:elastic-ip/eipalloc-0e71ed39a83150edd",
            "associate_with_private_ip": null,
            "association_id": "",
            "carrier_ip": "",
            "customer_owned_ip": "",
            "customer_owned_ipv4_pool": "",
            "domain": "vpc",
            "id": "eipalloc-0e71ed39a83150edd",
            "instance": "",
            "ipam_pool_id": null,
            "network_border_group": "eu-west-3",
            "network_interface": "",
            "private_dns": null,
            "private_ip": "",
            "ptr_record": "",
            "public_dns": "ec2-52-47-141-158.eu-west-3.compute.amazonaws.com",
            "public_ip": "52.47.141.158",
            "public_ipv4_pool": "amazon",
            "tags": {
              "DeployedBy": "Terraform",
              "Name": "vpc-cloud-1-eu-west-3a",
              "Origin": "cloud-1"
            },
            "tags_all": {
              "DeployedBy": "Terraform",
              "Name": "vpc-cloud-1-eu-west-3a",
              "Origin": "cloud-1"
            },
            "timeouts": null,
            "vpc": true
          },
          "sensitive_attributes": [],
          "private": "eyJlMmJmYjczMC1lY2FhLTExZTYtOGY4OC0zNDM2M2JjN2M0YzAiOnsiZGVsZXRlIjoxODAwMDAwMDAwMDAsInJlYWQiOjkwMDAwMDAwMDAwMCwidXBkYXRlIjozMDAwMDAwMDAwMDB9fQ==",
          "dependencies": [
            "module.vpc.aws_internet_gateway.this",
            "module.vpc.aws_vpc.this",
            "module.vpc.aws_vpc_ipv4_cidr_block_association.this"
          ]
        },
        {
          "index_key": 1,
          "schema_version": 0,
          "attributes": {
            "address": null,
            "allocation_id": "eipalloc-0473fea919a567bda",
            "arn": "arn:aws:ec2:eu-west-3:757244967855:elastic-ip/eipalloc-0473fea919a567bda",
            "associate_with_private_ip": null,
            "association_id": "",
            "carrier_ip": "",
            "customer_owned_ip": "",
            "customer_owned_ipv4_pool": "",
            "domain": "vpc",
            "id": "eipalloc-0473fea919a567bda",
            "instance": "",
            "ipam_pool_id": null,
            "network_border_group": "eu-west-3",
            "network_interface": "",
            "private_dns": null,
            "private_ip": "",
            "ptr_record": "",
            "public_dns": "ec2-13-39-169-83.eu-west-3.compute.amazonaws.com",
            "public_ip": "13.39.169.83",
            "public_ipv4_pool": "amazon",
            "tags": {
              "DeployedBy": "Terraform",
              "Name": "vpc-cloud-1-eu-west-3b",
              "Origin": "cloud-1"
            },
            "tags_all": {
              "DeployedBy": "Terraform",
              "Name": "vpc-cloud-1-eu-west-3b",
              "Origin": "cloud-1"
            },
            "timeouts": null,
            "vpc": true
          },
          "sensitive_attributes": [],
          "private": "eyJlMmJmYjczMC1lY2FhLTExZTYtOGY4OC0zNDM2M2JjN2M0YzAiOnsiZGVsZXRlIjoxODAwMDAwMDAwMDAsInJlYWQiOjkwMDAwMDAwMDAwMCwidXBkYXRlIjozMDAwMDAwMDAwMDB9fQ==",
          "dependencies": [
            "module.vpc.aws_internet_gateway.this",
            "module.vpc.aws_vpc.this",
            "module.vpc.aws_vpc_ipv4_cidr_block_association.this"
          ]
        }
      ]
    },
    {
      "module": "module.vpc",
      "mode": "managed",
      "type": "aws_internet_gateway",
      "name": "this",
      "provider": "provider[\"registry.terraform.io/hashicorp/aws\"].default",
      "instances": [
        {
          "index_key": 0,
          "schema_version": 0,
          "attributes": {
            "arn": "arn:aws:ec2:eu-west-3:757244967855:internet-gateway/igw-04ee109f68604f3ad",
            "id": "igw-04ee109f68604f3ad",
            "owner_id": "757244967855",
            "tags": {
              "DeployedBy": "Terraform",
              "Name": "vpc-cloud-1",
              "Origin": "cloud-1"
            },
            "tags_all": {
              "DeployedBy": "Terraform",
              "Name": "vpc-cloud-1",
              "Origin": "cloud-1"
            },
            "timeouts": null,
            "vpc_id": "vpc-0d8cc78a8cfc3e195"
          },
          "sensitive_attributes": [],
          "private": "eyJlMmJmYjczMC1lY2FhLTExZTYtOGY4OC0zNDM2M2JjN2M0YzAiOnsiY3JlYXRlIjoxMjAwMDAwMDAwMDAwLCJkZWxldGUiOjEyMDAwMDAwMDAwMDAsInVwZGF0ZSI6MTIwMDAwMDAwMDAwMH19",
          "dependencies": [
            "module.vpc.aws_vpc.this",
            "module.vpc.aws_vpc_ipv4_cidr_block_association.this"
          ]
        }
      ]
    },
    {
      "module": "module.vpc",
      "mode": "managed",
      "type": "aws_nat_gateway",
      "name": "this",
      "provider": "provider[\"registry.terraform.io/hashicorp/aws\"].default",
      "instances": [
        {
          "index_key": 0,
          "schema_version": 0,
          "attributes": {
            "allocation_id": "eipalloc-0e71ed39a83150edd",
            "association_id": "eipassoc-0e3542992b122860d",
            "connectivity_type": "public",
            "id": "nat-01265ec3259b82e53",
            "network_interface_id": "eni-0d6b44ac777b89d74",
            "private_ip": "10.0.4.232",
            "public_ip": "52.47.141.158",
            "secondary_allocation_ids": null,
            "secondary_private_ip_address_count": 0,
            "secondary_private_ip_addresses": [],
            "subnet_id": "subnet-0e7c1e84d02b18fd4",
            "tags": {
              "DeployedBy": "Terraform",
              "Name": "vpc-cloud-1-eu-west-3a",
              "Origin": "cloud-1"
            },
            "tags_all": {
              "DeployedBy": "Terraform",
              "Name": "vpc-cloud-1-eu-west-3a",
              "Origin": "cloud-1"
            },
            "timeouts": null
          },
          "sensitive_attributes": [],
          "private": "eyJlMmJmYjczMC1lY2FhLTExZTYtOGY4OC0zNDM2M2JjN2M0YzAiOnsiY3JlYXRlIjo2MDAwMDAwMDAwMDAsImRlbGV0ZSI6MTgwMDAwMDAwMDAwMCwidXBkYXRlIjo2MDAwMDAwMDAwMDB9fQ==",
          "dependencies": [
            "module.vpc.aws_eip.nat",
            "module.vpc.aws_internet_gateway.this",
            "module.vpc.aws_subnet.public",
            "module.vpc.aws_vpc.this",
            "module.vpc.aws_vpc_ipv4_cidr_block_association.this"
          ]
        },
        {
          "index_key": 1,
          "schema_version": 0,
          "attributes": {
            "allocation_id": "eipalloc-0473fea919a567bda",
            "association_id": "eipassoc-0df59760fa2524b6d",
            "connectivity_type": "public",
            "id": "nat-0f12c78e03ba0ffe6",
            "network_interface_id": "eni-084c47d48456b2aa7",
            "private_ip": "10.0.5.17",
            "public_ip": "13.39.169.83",
            "secondary_allocation_ids": null,
            "secondary_private_ip_address_count": 0,
            "secondary_private_ip_addresses": [],
            "subnet_id": "subnet-0479ab04a04d725e5",
            "tags": {
              "DeployedBy": "Terraform",
              "Name": "vpc-cloud-1-eu-west-3b",
              "Origin": "cloud-1"
            },
            "tags_all": {
              "DeployedBy": "Terraform",
              "Name": "vpc-cloud-1-eu-west-3b",
              "Origin": "cloud-1"
            },
            "timeouts": null
          },
          "sensitive_attributes": [],
          "private": "eyJlMmJmYjczMC1lY2FhLTExZTYtOGY4OC0zNDM2M2JjN2M0YzAiOnsiY3JlYXRlIjo2MDAwMDAwMDAwMDAsImRlbGV0ZSI6MTgwMDAwMDAwMDAwMCwidXBkYXRlIjo2MDAwMDAwMDAwMDB9fQ==",
          "dependencies": [
            "module.vpc.aws_eip.nat",
            "module.vpc.aws_internet_gateway.this",
            "module.vpc.aws_subnet.public",
            "module.vpc.aws_vpc.this",
            "module.vpc.aws_vpc_ipv4_cidr_block_association.this"
          ]
        }
      ]
    },
    {
      "module": "module.vpc",
      "mode": "managed",
      "type": "aws_route",
      "name": "private_nat_gateway",
      "provider": "provider[\"registry.terraform.io/hashicorp/aws\"].default",
      "instances": [
        {
          "index_key": 0,
          "schema_version": 0,
          "attributes": {
            "carrier_gateway_id": "",
            "core_network_arn": "",
            "destination_cidr_block": "0.0.0.0/0",
            "destination_ipv6_cidr_block": "",
            "destination_prefix_list_id": "",
            "egress_only_gateway_id": "",
            "gateway_id": "",
            "id": "r-rtb-0b652f7ffc951b88a1080289494",
            "instance_id": "",
            "instance_owner_id": "",
            "local_gateway_id": "",
            "nat_gateway_id": "nat-01265ec3259b82e53",
            "network_interface_id": "",
            "origin": "CreateRoute",
            "route_table_id": "rtb-0b652f7ffc951b88a",
            "state": "active",
            "timeouts": {
              "create": "5m",
              "delete": null,
              "update": null
            },
            "transit_gateway_id": "",
            "vpc_endpoint_id": "",
            "vpc_peering_connection_id": ""
          },
          "sensitive_attributes": [],
          "private": "eyJlMmJmYjczMC1lY2FhLTExZTYtOGY4OC0zNDM2M2JjN2M0YzAiOnsiY3JlYXRlIjozMDAwMDAwMDAwMDAsImRlbGV0ZSI6MzAwMDAwMDAwMDAwLCJ1cGRhdGUiOjEyMDAwMDAwMDAwMH19",
          "dependencies": [
            "module.vpc.aws_eip.nat",
            "module.vpc.aws_internet_gateway.this",
            "module.vpc.aws_nat_gateway.this",
            "module.vpc.aws_route_table.private",
            "module.vpc.aws_subnet.public",
            "module.vpc.aws_vpc.this",
            "module.vpc.aws_vpc_ipv4_cidr_block_association.this"
          ]
        },
        {
          "index_key": 1,
          "schema_version": 0,
          "attributes": {
            "carrier_gateway_id": "",
            "core_network_arn": "",
            "destination_cidr_block": "0.0.0.0/0",
            "destination_ipv6_cidr_block": "",
            "destination_prefix_list_id": "",
            "egress_only_gateway_id": "",
            "gateway_id": "",
            "id": "r-rtb-010acfd83be2838661080289494",
            "instance_id": "",
            "instance_owner_id": "",
            "local_gateway_id": "",
            "nat_gateway_id": "nat-0f12c78e03ba0ffe6",
            "network_interface_id": "",
            "origin": "CreateRoute",
            "route_table_id": "rtb-010acfd83be283866",
            "state": "active",
            "timeouts": {
              "create": "5m",
              "delete": null,
              "update": null
            },
            "transit_gateway_id": "",
            "vpc_endpoint_id": "",
            "vpc_peering_connection_id": ""
          },
          "sensitive_attributes": [],
          "private": "eyJlMmJmYjczMC1lY2FhLTExZTYtOGY4OC0zNDM2M2JjN2M0YzAiOnsiY3JlYXRlIjozMDAwMDAwMDAwMDAsImRlbGV0ZSI6MzAwMDAwMDAwMDAwLCJ1cGRhdGUiOjEyMDAwMDAwMDAwMH19",
          "dependencies": [
            "module.vpc.aws_eip.nat",
            "module.vpc.aws_internet_gateway.this",
            "module.vpc.aws_nat_gateway.this",
            "module.vpc.aws_route_table.private",
            "module.vpc.aws_subnet.public",
            "module.vpc.aws_vpc.this",
            "module.vpc.aws_vpc_ipv4_cidr_block_association.this"
          ]
        }
      ]
    },
    {
      "module": "module.vpc",
      "mode": "managed",
      "type": "aws_route",
      "name": "public_internet_gateway",
      "provider": "provider[\"registry.terraform.io/hashicorp/aws\"].default",
      "instances": [
        {
          "index_key": 0,
          "schema_version": 0,
          "attributes": {
            "carrier_gateway_id": "",
            "core_network_arn": "",
            "destination_cidr_block": "0.0.0.0/0",
            "destination_ipv6_cidr_block": "",
            "destination_prefix_list_id": "",
            "egress_only_gateway_id": "",
            "gateway_id": "igw-04ee109f68604f3ad",
            "id": "r-rtb-01c6e40e9d63b937f1080289494",
            "instance_id": "",
            "instance_owner_id": "",
            "local_gateway_id": "",
            "nat_gateway_id": "",
            "network_interface_id": "",
            "origin": "CreateRoute",
            "route_table_id": "rtb-01c6e40e9d63b937f",
            "state": "active",
            "timeouts": {
              "create": "5m",
              "delete": null,
              "update": null
            },
            "transit_gateway_id": "",
            "vpc_endpoint_id": "",
            "vpc_peering_connection_id": ""
          },
          "sensitive_attributes": [],
          "private": "eyJlMmJmYjczMC1lY2FhLTExZTYtOGY4OC0zNDM2M2JjN2M0YzAiOnsiY3JlYXRlIjozMDAwMDAwMDAwMDAsImRlbGV0ZSI6MzAwMDAwMDAwMDAwLCJ1cGRhdGUiOjEyMDAwMDAwMDAwMH19",
          "dependencies": [
            "module.vpc.aws_internet_gateway.this",
            "module.vpc.aws_route_table.public",
            "module.vpc.aws_vpc.this",
            "module.vpc.aws_vpc_ipv4_cidr_block_association.this"
          ]
        }
      ]
    },
    {
      "module": "module.vpc",
      "mode": "managed",
      "type": "aws_route_table",
      "name": "private",
      "provider": "provider[\"registry.terraform.io/hashicorp/aws\"].default",
      "instances": [
        {
          "index_key": 0,
          "schema_version": 0,
          "attributes": {
            "arn": "arn:aws:ec2:eu-west-3:757244967855:route-table/rtb-0b652f7ffc951b88a",
            "id": "rtb-0b652f7ffc951b88a",
            "owner_id": "757244967855",
            "propagating_vgws": [],
            "route": [],
            "tags": {
              "DeployedBy": "Terraform",
              "Name": "vpc-cloud-1-private-eu-west-3a",
              "Origin": "cloud-1"
            },
            "tags_all": {
              "DeployedBy": "Terraform",
              "Name": "vpc-cloud-1-private-eu-west-3a",
              "Origin": "cloud-1"
            },
            "timeouts": null,
            "vpc_id": "vpc-0d8cc78a8cfc3e195"
          },
          "sensitive_attributes": [],
          "private": "eyJlMmJmYjczMC1lY2FhLTExZTYtOGY4OC0zNDM2M2JjN2M0YzAiOnsiY3JlYXRlIjozMDAwMDAwMDAwMDAsImRlbGV0ZSI6MzAwMDAwMDAwMDAwLCJ1cGRhdGUiOjEyMDAwMDAwMDAwMH19",
          "dependencies": [
            "module.vpc.aws_vpc.this",
            "module.vpc.aws_vpc_ipv4_cidr_block_association.this"
          ]
        },
        {
          "index_key": 1,
          "schema_version": 0,
          "attributes": {
            "arn": "arn:aws:ec2:eu-west-3:757244967855:route-table/rtb-010acfd83be283866",
            "id": "rtb-010acfd83be283866",
            "owner_id": "757244967855",
            "propagating_vgws": [],
            "route": [],
            "tags": {
              "DeployedBy": "Terraform",
              "Name": "vpc-cloud-1-private-eu-west-3b",
              "Origin": "cloud-1"
            },
            "tags_all": {
              "DeployedBy": "Terraform",
              "Name": "vpc-cloud-1-private-eu-west-3b",
              "Origin": "cloud-1"
            },
            "timeouts": null,
            "vpc_id": "vpc-0d8cc78a8cfc3e195"
          },
          "sensitive_attributes": [],
          "private": "eyJlMmJmYjczMC1lY2FhLTExZTYtOGY4OC0zNDM2M2JjN2M0YzAiOnsiY3JlYXRlIjozMDAwMDAwMDAwMDAsImRlbGV0ZSI6MzAwMDAwMDAwMDAwLCJ1cGRhdGUiOjEyMDAwMDAwMDAwMH19",
          "dependencies": [
            "module.vpc.aws_vpc.this",
            "module.vpc.aws_vpc_ipv4_cidr_block_association.this"
          ]
        }
      ]
    },
    {
      "module": "module.vpc",
      "mode": "managed",
      "type": "aws_route_table",
      "name": "public",
      "provider": "provider[\"registry.terraform.io/hashicorp/aws\"].default",
      "instances": [
        {
          "index_key": 0,
          "schema_version": 0,
          "attributes": {
            "arn": "arn:aws:ec2:eu-west-3:757244967855:route-table/rtb-01c6e40e9d63b937f",
            "id": "rtb-01c6e40e9d63b937f",
            "owner_id": "757244967855",
            "propagating_vgws": [],
            "route": [],
            "tags": {
              "DeployedBy": "Terraform",
              "Name": "vpc-cloud-1-public",
              "Origin": "cloud-1"
            },
            "tags_all": {
              "DeployedBy": "Terraform",
              "Name": "vpc-cloud-1-public",
              "Origin": "cloud-1"
            },
            "timeouts": null,
            "vpc_id": "vpc-0d8cc78a8cfc3e195"
          },
          "sensitive_attributes": [],
          "private": "eyJlMmJmYjczMC1lY2FhLTExZTYtOGY4OC0zNDM2M2JjN2M0YzAiOnsiY3JlYXRlIjozMDAwMDAwMDAwMDAsImRlbGV0ZSI6MzAwMDAwMDAwMDAwLCJ1cGRhdGUiOjEyMDAwMDAwMDAwMH19",
          "dependencies": [
            "module.vpc.aws_vpc.this",
            "module.vpc.aws_vpc_ipv4_cidr_block_association.this"
          ]
        }
      ]
    },
    {
      "module": "module.vpc",
      "mode": "managed",
      "type": "aws_route_table_association",
      "name": "database",
      "provider": "provider[\"registry.terraform.io/hashicorp/aws\"].default",
      "instances": [
        {
          "index_key": 0,
          "schema_version": 0,
          "attributes": {
            "gateway_id": "",
            "id": "rtbassoc-08ae974ad6ed3e791",
            "route_table_id": "rtb-0b652f7ffc951b88a",
            "subnet_id": "subnet-084b07dd076e0c53c",
            "timeouts": null
          },
          "sensitive_attributes": [],
          "private": "eyJlMmJmYjczMC1lY2FhLTExZTYtOGY4OC0zNDM2M2JjN2M0YzAiOnsiY3JlYXRlIjozMDAwMDAwMDAwMDAsImRlbGV0ZSI6MzAwMDAwMDAwMDAwLCJ1cGRhdGUiOjEyMDAwMDAwMDAwMH19",
          "dependencies": [
            "module.vpc.aws_route_table.database",
            "module.vpc.aws_route_table.private",
            "module.vpc.aws_subnet.database",
            "module.vpc.aws_vpc.this",
            "module.vpc.aws_vpc_ipv4_cidr_block_association.this"
          ]
        },
        {
          "index_key": 1,
          "schema_version": 0,
          "attributes": {
            "gateway_id": "",
            "id": "rtbassoc-0627405bdf0a11315",
            "route_table_id": "rtb-010acfd83be283866",
            "subnet_id": "subnet-0d32926d1b98ae4fd",
            "timeouts": null
          },
          "sensitive_attributes": [],
          "private": "eyJlMmJmYjczMC1lY2FhLTExZTYtOGY4OC0zNDM2M2JjN2M0YzAiOnsiY3JlYXRlIjozMDAwMDAwMDAwMDAsImRlbGV0ZSI6MzAwMDAwMDAwMDAwLCJ1cGRhdGUiOjEyMDAwMDAwMDAwMH19",
          "dependencies": [
            "module.vpc.aws_route_table.database",
            "module.vpc.aws_route_table.private",
            "module.vpc.aws_subnet.database",
            "module.vpc.aws_vpc.this",
            "module.vpc.aws_vpc_ipv4_cidr_block_association.this"
          ]
        }
      ]
    },
    {
      "module": "module.vpc",
      "mode": "managed",
      "type": "aws_route_table_association",
      "name": "private",
      "provider": "provider[\"registry.terraform.io/hashicorp/aws\"].default",
      "instances": [
        {
          "index_key": 0,
          "schema_version": 0,
          "attributes": {
            "gateway_id": "",
            "id": "rtbassoc-06441afea4e5a6649",
            "route_table_id": "rtb-0b652f7ffc951b88a",
            "subnet_id": "subnet-0e9a62cdc91392480",
            "timeouts": null
          },
          "sensitive_attributes": [],
          "private": "eyJlMmJmYjczMC1lY2FhLTExZTYtOGY4OC0zNDM2M2JjN2M0YzAiOnsiY3JlYXRlIjozMDAwMDAwMDAwMDAsImRlbGV0ZSI6MzAwMDAwMDAwMDAwLCJ1cGRhdGUiOjEyMDAwMDAwMDAwMH19",
          "dependencies": [
            "module.vpc.aws_route_table.private",
            "module.vpc.aws_subnet.private",
            "module.vpc.aws_vpc.this",
            "module.vpc.aws_vpc_ipv4_cidr_block_association.this"
          ]
        },
        {
          "index_key": 1,
          "schema_version": 0,
          "attributes": {
            "gateway_id": "",
            "id": "rtbassoc-06501ec4144f9f1de",
            "route_table_id": "rtb-010acfd83be283866",
            "subnet_id": "subnet-09c33d3a7d2bd7f1a",
            "timeouts": null
          },
          "sensitive_attributes": [],
          "private": "eyJlMmJmYjczMC1lY2FhLTExZTYtOGY4OC0zNDM2M2JjN2M0YzAiOnsiY3JlYXRlIjozMDAwMDAwMDAwMDAsImRlbGV0ZSI6MzAwMDAwMDAwMDAwLCJ1cGRhdGUiOjEyMDAwMDAwMDAwMH19",
          "dependencies": [
            "module.vpc.aws_route_table.private",
            "module.vpc.aws_subnet.private",
            "module.vpc.aws_vpc.this",
            "module.vpc.aws_vpc_ipv4_cidr_block_association.this"
          ]
        }
      ]
    },
    {
      "module": "module.vpc",
      "mode": "managed",
      "type": "aws_route_table_association",
      "name": "public",
      "provider": "provider[\"registry.terraform.io/hashicorp/aws\"].default",
      "instances": [
        {
          "index_key": 0,
          "schema_version": 0,
          "attributes": {
            "gateway_id": "",
            "id": "rtbassoc-0b9130fc819b01b0a",
            "route_table_id": "rtb-01c6e40e9d63b937f",
            "subnet_id": "subnet-0e7c1e84d02b18fd4",
            "timeouts": null
          },
          "sensitive_attributes": [],
          "private": "eyJlMmJmYjczMC1lY2FhLTExZTYtOGY4OC0zNDM2M2JjN2M0YzAiOnsiY3JlYXRlIjozMDAwMDAwMDAwMDAsImRlbGV0ZSI6MzAwMDAwMDAwMDAwLCJ1cGRhdGUiOjEyMDAwMDAwMDAwMH19",
          "dependencies": [
            "module.vpc.aws_route_table.public",
            "module.vpc.aws_subnet.public",
            "module.vpc.aws_vpc.this",
            "module.vpc.aws_vpc_ipv4_cidr_block_association.this"
          ]
        },
        {
          "index_key": 1,
          "schema_version": 0,
          "attributes": {
            "gateway_id": "",
            "id": "rtbassoc-06b1cabd546feed8b",
            "route_table_id": "rtb-01c6e40e9d63b937f",
            "subnet_id": "subnet-0479ab04a04d725e5",
            "timeouts": null
          },
          "sensitive_attributes": [],
          "private": "eyJlMmJmYjczMC1lY2FhLTExZTYtOGY4OC0zNDM2M2JjN2M0YzAiOnsiY3JlYXRlIjozMDAwMDAwMDAwMDAsImRlbGV0ZSI6MzAwMDAwMDAwMDAwLCJ1cGRhdGUiOjEyMDAwMDAwMDAwMH19",
          "dependencies": [
            "module.vpc.aws_route_table.public",
            "module.vpc.aws_subnet.public",
            "module.vpc.aws_vpc.this",
            "module.vpc.aws_vpc_ipv4_cidr_block_association.this"
          ]
        }
      ]
    },
    {
      "module": "module.vpc",
      "mode": "managed",
      "type": "aws_subnet",
      "name": "database",
      "provider": "provider[\"registry.terraform.io/hashicorp/aws\"].default",
      "instances": [
        {
          "index_key": 0,
          "schema_version": 1,
          "attributes": {
            "arn": "arn:aws:ec2:eu-west-3:757244967855:subnet/subnet-084b07dd076e0c53c",
            "assign_ipv6_address_on_creation": false,
            "availability_zone": "eu-west-3a",
            "availability_zone_id": "euw3-az1",
            "cidr_block": "10.0.8.0/24",
            "customer_owned_ipv4_pool": "",
            "enable_dns64": false,
            "enable_lni_at_device_index": 0,
            "enable_resource_name_dns_a_record_on_launch": false,
            "enable_resource_name_dns_aaaa_record_on_launch": false,
            "id": "subnet-084b07dd076e0c53c",
            "ipv6_cidr_block": "",
            "ipv6_cidr_block_association_id": "",
            "ipv6_native": false,
            "map_customer_owned_ip_on_launch": false,
            "map_public_ip_on_launch": false,
            "outpost_arn": "",
            "owner_id": "757244967855",
            "private_dns_hostname_type_on_launch": "ip-name",
            "tags": {
              "DeployedBy": "Terraform",
              "Name": "cloud-1_database_eu-west-3a",
              "Origin": "cloud-1"
            },
            "tags_all": {
              "DeployedBy": "Terraform",
              "Name": "cloud-1_database_eu-west-3a",
              "Origin": "cloud-1"
            },
            "timeouts": null,
            "vpc_id": "vpc-0d8cc78a8cfc3e195"
          },
          "sensitive_attributes": [],
          "private": "eyJlMmJmYjczMC1lY2FhLTExZTYtOGY4OC0zNDM2M2JjN2M0YzAiOnsiY3JlYXRlIjo2MDAwMDAwMDAwMDAsImRlbGV0ZSI6MTIwMDAwMDAwMDAwMH0sInNjaGVtYV92ZXJzaW9uIjoiMSJ9",
          "dependencies": [
            "module.vpc.aws_vpc.this",
            "module.vpc.aws_vpc_ipv4_cidr_block_association.this"
          ],
          "create_before_destroy": true
        },
        {
          "index_key": 1,
          "schema_version": 1,
          "attributes": {
            "arn": "arn:aws:ec2:eu-west-3:757244967855:subnet/subnet-0d32926d1b98ae4fd",
            "assign_ipv6_address_on_creation": false,
            "availability_zone": "eu-west-3b",
            "availability_zone_id": "euw3-az2",
            "cidr_block": "10.0.9.0/24",
            "customer_owned_ipv4_pool": "",
            "enable_dns64": false,
            "enable_lni_at_device_index": 0,
            "enable_resource_name_dns_a_record_on_launch": false,
            "enable_resource_name_dns_aaaa_record_on_launch": false,
            "id": "subnet-0d32926d1b98ae4fd",
            "ipv6_cidr_block": "",
            "ipv6_cidr_block_association_id": "",
            "ipv6_native": false,
            "map_customer_owned_ip_on_launch": false,
            "map_public_ip_on_launch": false,
            "outpost_arn": "",
            "owner_id": "757244967855",
            "private_dns_hostname_type_on_launch": "ip-name",
            "tags": {
              "DeployedBy": "Terraform",
              "Name": "cloud-1_database_eu-west-3b",
              "Origin": "cloud-1"
            },
            "tags_all": {
              "DeployedBy": "Terraform",
              "Name": "cloud-1_database_eu-west-3b",
              "Origin": "cloud-1"
            },
            "timeouts": null,
            "vpc_id": "vpc-0d8cc78a8cfc3e195"
          },
          "sensitive_attributes": [],
          "private": "eyJlMmJmYjczMC1lY2FhLTExZTYtOGY4OC0zNDM2M2JjN2M0YzAiOnsiY3JlYXRlIjo2MDAwMDAwMDAwMDAsImRlbGV0ZSI6MTIwMDAwMDAwMDAwMH0sInNjaGVtYV92ZXJzaW9uIjoiMSJ9",
          "dependencies": [
            "module.vpc.aws_vpc.this",
            "module.vpc.aws_vpc_ipv4_cidr_block_association.this"
          ],
          "create_before_destroy": true
        }
      ]
    },
    {
      "module": "module.vpc",
      "mode": "managed",
      "type": "aws_subnet",
      "name": "private",
      "provider": "provider[\"registry.terraform.io/hashicorp/aws\"].default",
      "instances": [
        {
          "index_key": 0,
          "schema_version": 1,
          "attributes": {
            "arn": "arn:aws:ec2:eu-west-3:757244967855:subnet/subnet-0e9a62cdc91392480",
            "assign_ipv6_address_on_creation": false,
            "availability_zone": "eu-west-3a",
            "availability_zone_id": "euw3-az1",
            "cidr_block": "10.0.0.0/24",
            "customer_owned_ipv4_pool": "",
            "enable_dns64": false,
            "enable_lni_at_device_index": 0,
            "enable_resource_name_dns_a_record_on_launch": false,
            "enable_resource_name_dns_aaaa_record_on_launch": false,
            "id": "subnet-0e9a62cdc91392480",
            "ipv6_cidr_block": "",
            "ipv6_cidr_block_association_id": "",
            "ipv6_native": false,
            "map_customer_owned_ip_on_launch": false,
            "map_public_ip_on_launch": false,
            "outpost_arn": "",
            "owner_id": "757244967855",
            "private_dns_hostname_type_on_launch": "ip-name",
            "tags": {
              "DeployedBy": "Terraform",
              "Name": "cloud-1_private_eu-west-3a",
              "Origin": "cloud-1"
            },
            "tags_all": {
              "DeployedBy": "Terraform",
              "Name": "cloud-1_private_eu-west-3a",
              "Origin": "cloud-1"
            },
            "timeouts": null,
            "vpc_id": "vpc-0d8cc78a8cfc3e195"
          },
          "sensitive_attributes": [],
          "private": "eyJlMmJmYjczMC1lY2FhLTExZTYtOGY4OC0zNDM2M2JjN2M0YzAiOnsiY3JlYXRlIjo2MDAwMDAwMDAwMDAsImRlbGV0ZSI6MTIwMDAwMDAwMDAwMH0sInNjaGVtYV92ZXJzaW9uIjoiMSJ9",
          "dependencies": [
            "module.vpc.aws_vpc.this",
            "module.vpc.aws_vpc_ipv4_cidr_block_association.this"
          ],
          "create_before_destroy": true
        },
        {
          "index_key": 1,
          "schema_version": 1,
          "attributes": {
            "arn": "arn:aws:ec2:eu-west-3:757244967855:subnet/subnet-09c33d3a7d2bd7f1a",
            "assign_ipv6_address_on_creation": false,
            "availability_zone": "eu-west-3b",
            "availability_zone_id": "euw3-az2",
            "cidr_block": "10.0.1.0/24",
            "customer_owned_ipv4_pool": "",
            "enable_dns64": false,
            "enable_lni_at_device_index": 0,
            "enable_resource_name_dns_a_record_on_launch": false,
            "enable_resource_name_dns_aaaa_record_on_launch": false,
            "id": "subnet-09c33d3a7d2bd7f1a",
            "ipv6_cidr_block": "",
            "ipv6_cidr_block_association_id": "",
            "ipv6_native": false,
            "map_customer_owned_ip_on_launch": false,
            "map_public_ip_on_launch": false,
            "outpost_arn": "",
            "owner_id": "757244967855",
            "private_dns_hostname_type_on_launch": "ip-name",
            "tags": {
              "DeployedBy": "Terraform",
              "Name": "cloud-1_private_eu-west-3b",
              "Origin": "cloud-1"
            },
            "tags_all": {
              "DeployedBy": "Terraform",
              "Name": "cloud-1_private_eu-west-3b",
              "Origin": "cloud-1"
            },
            "timeouts": null,
            "vpc_id": "vpc-0d8cc78a8cfc3e195"
          },
          "sensitive_attributes": [],
          "private": "eyJlMmJmYjczMC1lY2FhLTExZTYtOGY4OC0zNDM2M2JjN2M0YzAiOnsiY3JlYXRlIjo2MDAwMDAwMDAwMDAsImRlbGV0ZSI6MTIwMDAwMDAwMDAwMH0sInNjaGVtYV92ZXJzaW9uIjoiMSJ9",
          "dependencies": [
            "module.vpc.aws_vpc.this",
            "module.vpc.aws_vpc_ipv4_cidr_block_association.this"
          ],
          "create_before_destroy": true
        }
      ]
    },
    {
      "module": "module.vpc",
      "mode": "managed",
      "type": "aws_subnet",
      "name": "public",
      "provider": "provider[\"registry.terraform.io/hashicorp/aws\"].default",
      "instances": [
        {
          "index_key": 0,
          "schema_version": 1,
          "attributes": {
            "arn": "arn:aws:ec2:eu-west-3:757244967855:subnet/subnet-0e7c1e84d02b18fd4",
            "assign_ipv6_address_on_creation": false,
            "availability_zone": "eu-west-3a",
            "availability_zone_id": "euw3-az1",
            "cidr_block": "10.0.4.0/24",
            "customer_owned_ipv4_pool": "",
            "enable_dns64": false,
            "enable_lni_at_device_index": 0,
            "enable_resource_name_dns_a_record_on_launch": false,
            "enable_resource_name_dns_aaaa_record_on_launch": false,
            "id": "subnet-0e7c1e84d02b18fd4",
            "ipv6_cidr_block": "",
            "ipv6_cidr_block_association_id": "",
            "ipv6_native": false,
            "map_customer_owned_ip_on_launch": false,
            "map_public_ip_on_launch": false,
            "outpost_arn": "",
            "owner_id": "757244967855",
            "private_dns_hostname_type_on_launch": "ip-name",
            "tags": {
              "DeployedBy": "Terraform",
              "Name": "cloud-1_public_eu-west-3a",
              "Origin": "cloud-1"
            },
            "tags_all": {
              "DeployedBy": "Terraform",
              "Name": "cloud-1_public_eu-west-3a",
              "Origin": "cloud-1"
            },
            "timeouts": null,
            "vpc_id": "vpc-0d8cc78a8cfc3e195"
          },
          "sensitive_attributes": [],
          "private": "eyJlMmJmYjczMC1lY2FhLTExZTYtOGY4OC0zNDM2M2JjN2M0YzAiOnsiY3JlYXRlIjo2MDAwMDAwMDAwMDAsImRlbGV0ZSI6MTIwMDAwMDAwMDAwMH0sInNjaGVtYV92ZXJzaW9uIjoiMSJ9",
          "dependencies": [
            "module.vpc.aws_vpc.this",
            "module.vpc.aws_vpc_ipv4_cidr_block_association.this"
          ],
          "create_before_destroy": true
        },
        {
          "index_key": 1,
          "schema_version": 1,
          "attributes": {
            "arn": "arn:aws:ec2:eu-west-3:757244967855:subnet/subnet-0479ab04a04d725e5",
            "assign_ipv6_address_on_creation": false,
            "availability_zone": "eu-west-3b",
            "availability_zone_id": "euw3-az2",
            "cidr_block": "10.0.5.0/24",
            "customer_owned_ipv4_pool": "",
            "enable_dns64": false,
            "enable_lni_at_device_index": 0,
            "enable_resource_name_dns_a_record_on_launch": false,
            "enable_resource_name_dns_aaaa_record_on_launch": false,
            "id": "subnet-0479ab04a04d725e5",
            "ipv6_cidr_block": "",
            "ipv6_cidr_block_association_id": "",
            "ipv6_native": false,
            "map_customer_owned_ip_on_launch": false,
            "map_public_ip_on_launch": false,
            "outpost_arn": "",
            "owner_id": "757244967855",
            "private_dns_hostname_type_on_launch": "ip-name",
            "tags": {
              "DeployedBy": "Terraform",
              "Name": "cloud-1_public_eu-west-3b",
              "Origin": "cloud-1"
            },
            "tags_all": {
              "DeployedBy": "Terraform",
              "Name": "cloud-1_public_eu-west-3b",
              "Origin": "cloud-1"
            },
            "timeouts": null,
            "vpc_id": "vpc-0d8cc78a8cfc3e195"
          },
          "sensitive_attributes": [],
          "private": "eyJlMmJmYjczMC1lY2FhLTExZTYtOGY4OC0zNDM2M2JjN2M0YzAiOnsiY3JlYXRlIjo2MDAwMDAwMDAwMDAsImRlbGV0ZSI6MTIwMDAwMDAwMDAwMH0sInNjaGVtYV92ZXJzaW9uIjoiMSJ9",
          "dependencies": [
            "module.vpc.aws_vpc.this",
            "module.vpc.aws_vpc_ipv4_cidr_block_association.this"
          ],
          "create_before_destroy": true
        }
      ]
    },
    {
      "module": "module.vpc",
      "mode": "managed",
      "type": "aws_vpc",
      "name": "this",
      "provider": "provider[\"registry.terraform.io/hashicorp/aws\"].default",
      "instances": [
        {
          "index_key": 0,
          "schema_version": 1,
          "attributes": {
            "arn": "arn:aws:ec2:eu-west-3:757244967855:vpc/vpc-0d8cc78a8cfc3e195",
            "assign_generated_ipv6_cidr_block": false,
            "cidr_block": "10.0.0.0/16",
            "default_network_acl_id": "acl-0c639bd26e1aae8fd",
            "default_route_table_id": "rtb-0564e289971250166",
            "default_security_group_id": "sg-064134ce354e6c03a",
            "dhcp_options_id": "dopt-0a4cf4d48a9f4966d",
            "enable_dns_hostnames": true,
            "enable_dns_support": true,
            "enable_network_address_usage_metrics": false,
            "id": "vpc-0d8cc78a8cfc3e195",
            "instance_tenancy": "default",
            "ipv4_ipam_pool_id": null,
            "ipv4_netmask_length": null,
            "ipv6_association_id": "",
            "ipv6_cidr_block": "",
            "ipv6_cidr_block_network_border_group": "",
            "ipv6_ipam_pool_id": "",
            "ipv6_netmask_length": 0,
            "main_route_table_id": "rtb-0564e289971250166",
            "owner_id": "757244967855",
            "tags": {
              "DeployedBy": "Terraform",
              "Name": "vpc-cloud-1",
              "Origin": "cloud-1"
            },
            "tags_all": {
              "DeployedBy": "Terraform",
              "Name": "vpc-cloud-1",
              "Origin": "cloud-1"
            }
          },
          "sensitive_attributes": [],
          "private": "eyJzY2hlbWFfdmVyc2lvbiI6IjEifQ==",
          "create_before_destroy": true
        }
      ]
    }
  ],
  "check_results": [
    {
      "object_kind": "var",
      "config_addr": "var.azs",
      "status": "pass",
      "objects": [
        {
          "object_addr": "var.azs",
          "status": "pass"
        }
      ]
    },
    {
      "object_kind": "var",
      "config_addr": "module.acm.var.validation_method",
      "status": "pass",
      "objects": [
        {
          "object_addr": "module.acm.var.validation_method",
          "status": "pass"
        }
      ]
    },
    {
      "object_kind": "var",
      "config_addr": "var.name",
      "status": "pass",
      "objects": [
        {
          "object_addr": "var.name",
          "status": "pass"
        }
      ]
    }
  ]
}
